// !$*UTF8*$!
{
	archiveVersion = 1;
	classes = {
	};
	objectVersion = 51;
	objects = {

/* Begin PBXBuildFile section */
		7DAFC269E8B1EC42884C71B7 /* Pods_EmotionSensingTests.framework in Frameworks */ = {isa = PBXBuildFile; fileRef = 8E1ADD164B6813C31022CA1F /* Pods_EmotionSensingTests.framework */; };
		84518E5AB6F5087331A77AEB /* Pods_EmotionSensingUITests.framework in Frameworks */ = {isa = PBXBuildFile; fileRef = D01143A6511D53728D8C3A75 /* Pods_EmotionSensingUITests.framework */; };
		A32D3A7382D5EBEBA43ECCF0 /* Pods_EmotionSensing.framework in Frameworks */ = {isa = PBXBuildFile; fileRef = 3D51EE988AC1B285F5641A07 /* Pods_EmotionSensing.framework */; };
		BF1FFEFC227B8E6200A7824E /* 60.png in Resources */ = {isa = PBXBuildFile; fileRef = BF1FFEE9227B8E5A00A7824E /* 60.png */; };
		BF1FFEFD227B8E6200A7824E /* 40.png in Resources */ = {isa = PBXBuildFile; fileRef = BF1FFEEA227B8E5A00A7824E /* 40.png */; };
		BF1FFEFE227B8E6200A7824E /* 100.png in Resources */ = {isa = PBXBuildFile; fileRef = BF1FFEEB227B8E5B00A7824E /* 100.png */; };
		BF1FFEFF227B8E6200A7824E /* 29.png in Resources */ = {isa = PBXBuildFile; fileRef = BF1FFEEC227B8E5B00A7824E /* 29.png */; };
		BF1FFF00227B8E6200A7824E /* 50.png in Resources */ = {isa = PBXBuildFile; fileRef = BF1FFEED227B8E5B00A7824E /* 50.png */; };
		BF1FFF01227B8E6200A7824E /* 20.png in Resources */ = {isa = PBXBuildFile; fileRef = BF1FFEEE227B8E5B00A7824E /* 20.png */; };
		BF1FFF02227B8E6200A7824E /* 144.png in Resources */ = {isa = PBXBuildFile; fileRef = BF1FFEEF227B8E5C00A7824E /* 144.png */; };
		BF1FFF03227B8E6200A7824E /* 58.png in Resources */ = {isa = PBXBuildFile; fileRef = BF1FFEF0227B8E5C00A7824E /* 58.png */; };
		BF1FFF04227B8E6200A7824E /* 72.png in Resources */ = {isa = PBXBuildFile; fileRef = BF1FFEF1227B8E5C00A7824E /* 72.png */; };
		BF1FFF05227B8E6200A7824E /* 80.png in Resources */ = {isa = PBXBuildFile; fileRef = BF1FFEF2227B8E6000A7824E /* 80.png */; };
		BF1FFF06227B8E6200A7824E /* 76.png in Resources */ = {isa = PBXBuildFile; fileRef = BF1FFEF3227B8E6000A7824E /* 76.png */; };
		BF1FFF07227B8E6200A7824E /* 167.png in Resources */ = {isa = PBXBuildFile; fileRef = BF1FFEF4227B8E6000A7824E /* 167.png */; };
		BF1FFF08227B8E6200A7824E /* 152.png in Resources */ = {isa = PBXBuildFile; fileRef = BF1FFEF5227B8E6100A7824E /* 152.png */; };
		BF1FFF09227B8E6200A7824E /* 120.png in Resources */ = {isa = PBXBuildFile; fileRef = BF1FFEF6227B8E6100A7824E /* 120.png */; };
		BF1FFF0A227B8E6200A7824E /* 114.png in Resources */ = {isa = PBXBuildFile; fileRef = BF1FFEF7227B8E6100A7824E /* 114.png */; };
		BF1FFF0B227B8E6200A7824E /* 180.png in Resources */ = {isa = PBXBuildFile; fileRef = BF1FFEF8227B8E6100A7824E /* 180.png */; };
		BF1FFF0C227B8E6200A7824E /* 87.png in Resources */ = {isa = PBXBuildFile; fileRef = BF1FFEF9227B8E6100A7824E /* 87.png */; };
		BF1FFF0D227B8E6200A7824E /* 57.png in Resources */ = {isa = PBXBuildFile; fileRef = BF1FFEFA227B8E6200A7824E /* 57.png */; };
		BF1FFF0E227B8E6200A7824E /* 1024.png in Resources */ = {isa = PBXBuildFile; fileRef = BF1FFEFB227B8E6200A7824E /* 1024.png */; };
		BF519D9922286B2C0078E589 /* BLEHeartRateVariability.swift in Sources */ = {isa = PBXBuildFile; fileRef = BF519D9822286B2C0078E589 /* BLEHeartRateVariability.swift */; };
		BF52DAB822089E74009C0BF5 /* AppDelegate.swift in Sources */ = {isa = PBXBuildFile; fileRef = BF52DAB722089E74009C0BF5 /* AppDelegate.swift */; };
		BF52DABA22089E74009C0BF5 /* StudyDashboardViewController.swift in Sources */ = {isa = PBXBuildFile; fileRef = BF52DAB922089E74009C0BF5 /* StudyDashboardViewController.swift */; };
		BF52DABF22089E77009C0BF5 /* Assets.xcassets in Resources */ = {isa = PBXBuildFile; fileRef = BF52DABE22089E77009C0BF5 /* Assets.xcassets */; };
		BF52DAC222089E77009C0BF5 /* LaunchScreen.storyboard in Resources */ = {isa = PBXBuildFile; fileRef = BF52DAC022089E77009C0BF5 /* LaunchScreen.storyboard */; };
		BF52DACD22089E77009C0BF5 /* EmotionSensingTests.swift in Sources */ = {isa = PBXBuildFile; fileRef = BF52DACC22089E77009C0BF5 /* EmotionSensingTests.swift */; };
		BF52DAD822089E77009C0BF5 /* EmotionSensingUITests.swift in Sources */ = {isa = PBXBuildFile; fileRef = BF52DAD722089E77009C0BF5 /* EmotionSensingUITests.swift */; };
		BF52DAE62208E03E009C0BF5 /* AWAREFramework.framework in Frameworks */ = {isa = PBXBuildFile; fileRef = BF52DAE52208E03E009C0BF5 /* AWAREFramework.framework */; };
		BF6C3D682252A45100035335 /* StopSignalTaskViewController.swift in Sources */ = {isa = PBXBuildFile; fileRef = BF6C3D672252A45100035335 /* StopSignalTaskViewController.swift */; };
		BF7799CD226E1A1100799B00 /* StopSignalTaskGetReadyViewController.swift in Sources */ = {isa = PBXBuildFile; fileRef = BF7799CC226E1A1100799B00 /* StopSignalTaskGetReadyViewController.swift */; };
		BF7E9AB8226E73DE006718BF /* SelfControlEMAViewController.swift in Sources */ = {isa = PBXBuildFile; fileRef = BF7E9AB7226E73DE006718BF /* SelfControlEMAViewController.swift */; };
		BF7E9ABE226FA2B8006718BF /* SelfControlEMA.swift in Sources */ = {isa = PBXBuildFile; fileRef = BF7E9ABD226FA2B8006718BF /* SelfControlEMA.swift */; };
		BF92703022593558007CCE23 /* Main.storyboard in Resources */ = {isa = PBXBuildFile; fileRef = BF92702E22593558007CCE23 /* Main.storyboard */; };
		BF92703222593D75007CCE23 /* StopSignalTaskResponse.swift in Sources */ = {isa = PBXBuildFile; fileRef = BF92703122593D75007CCE23 /* StopSignalTaskResponse.swift */; };
		BF927034225A941C007CCE23 /* UserTask.swift in Sources */ = {isa = PBXBuildFile; fileRef = BF927033225A941C007CCE23 /* UserTask.swift */; };
		BF927036225A95DF007CCE23 /* UserTaskScheduler.swift in Sources */ = {isa = PBXBuildFile; fileRef = BF927035225A95DF007CCE23 /* UserTaskScheduler.swift */; };
		BF92703A225BFA55007CCE23 /* TaskDashboard.storyboard in Resources */ = {isa = PBXBuildFile; fileRef = BF927039225BFA55007CCE23 /* TaskDashboard.storyboard */; };
		BF92703C225C0066007CCE23 /* PendingTasksTableViewController.swift in Sources */ = {isa = PBXBuildFile; fileRef = BF92703B225C0066007CCE23 /* PendingTasksTableViewController.swift */; };
		BFB01469224D4CED00D68077 /* EntityScoscheHRV+CoreDataClass.swift in Sources */ = {isa = PBXBuildFile; fileRef = BFB01467224D4CED00D68077 /* EntityScoscheHRV+CoreDataClass.swift */; };
		BFB0146A224D4CED00D68077 /* EntityScoscheHRV+CoreDataProperties.swift in Sources */ = {isa = PBXBuildFile; fileRef = BFB01468224D4CED00D68077 /* EntityScoscheHRV+CoreDataProperties.swift */; };
		BFB1CDA522676FF70082E7FC /* EntityBLEHeartRateVariability+CoreDataClass.swift in Sources */ = {isa = PBXBuildFile; fileRef = BFB1CDA322676FF70082E7FC /* EntityBLEHeartRateVariability+CoreDataClass.swift */; };
		BFB1CDA622676FF70082E7FC /* EntityBLEHeartRateVariability+CoreDataProperties.swift in Sources */ = {isa = PBXBuildFile; fileRef = BFB1CDA422676FF70082E7FC /* EntityBLEHeartRateVariability+CoreDataProperties.swift */; };
		BFB1CDAA22677C1F0082E7FC /* BLEDevicesTableViewController.swift in Sources */ = {isa = PBXBuildFile; fileRef = BFB1CDA922677C1F0082E7FC /* BLEDevicesTableViewController.swift */; };
		BFCAAFCB2257F7AA0086A6A1 /* TabBarController.swift in Sources */ = {isa = PBXBuildFile; fileRef = BFCAAFCA2257F7AA0086A6A1 /* TabBarController.swift */; };
		BFCAAFCD225801F20086A6A1 /* StudyDashboard.storyboard in Resources */ = {isa = PBXBuildFile; fileRef = BFCAAFCC225801F20086A6A1 /* StudyDashboard.storyboard */; };
		BFCAAFCF225809F20086A6A1 /* StopSignalTask.storyboard in Resources */ = {isa = PBXBuildFile; fileRef = BFCAAFCE225809F10086A6A1 /* StopSignalTask.storyboard */; };
		BFEAAD612371DF4D000B8A07 /* EntityStopSignalTask+CoreDataClass.swift in Sources */ = {isa = PBXBuildFile; fileRef = BFEAAD5F2371DF4D000B8A07 /* EntityStopSignalTask+CoreDataClass.swift */; };
		BFEAAD622371DF4D000B8A07 /* EntityStopSignalTask+CoreDataProperties.swift in Sources */ = {isa = PBXBuildFile; fileRef = BFEAAD602371DF4D000B8A07 /* EntityStopSignalTask+CoreDataProperties.swift */; };
		BFEAAD652371E2C5000B8A07 /* EntitySelfControlEMAAnswer+CoreDataClass.swift in Sources */ = {isa = PBXBuildFile; fileRef = BFEAAD632371E2C5000B8A07 /* EntitySelfControlEMAAnswer+CoreDataClass.swift */; };
		BFEAAD662371E2C5000B8A07 /* EntitySelfControlEMAAnswer+CoreDataProperties.swift in Sources */ = {isa = PBXBuildFile; fileRef = BFEAAD642371E2C5000B8A07 /* EntitySelfControlEMAAnswer+CoreDataProperties.swift */; };
/* End PBXBuildFile section */

/* Begin PBXContainerItemProxy section */
		BF52DAC922089E77009C0BF5 /* PBXContainerItemProxy */ = {
			isa = PBXContainerItemProxy;
			containerPortal = BF52DAAC22089E74009C0BF5 /* Project object */;
			proxyType = 1;
			remoteGlobalIDString = BF52DAB322089E74009C0BF5;
			remoteInfo = EmotionSensing;
		};
		BF52DAD422089E77009C0BF5 /* PBXContainerItemProxy */ = {
			isa = PBXContainerItemProxy;
			containerPortal = BF52DAAC22089E74009C0BF5 /* Project object */;
			proxyType = 1;
			remoteGlobalIDString = BF52DAB322089E74009C0BF5;
			remoteInfo = EmotionSensing;
		};
/* End PBXContainerItemProxy section */

/* Begin PBXFileReference section */
		17CE54A8207237AD1FED7B85 /* Pods-EmotionSensingUITests.debug.xcconfig */ = {isa = PBXFileReference; includeInIndex = 1; lastKnownFileType = text.xcconfig; name = "Pods-EmotionSensingUITests.debug.xcconfig"; path = "Pods/Target Support Files/Pods-EmotionSensingUITests/Pods-EmotionSensingUITests.debug.xcconfig"; sourceTree = "<group>"; };
		31DE310319AABB3D4C2A3604 /* Pods-EmotionSensingTests.debug.xcconfig */ = {isa = PBXFileReference; includeInIndex = 1; lastKnownFileType = text.xcconfig; name = "Pods-EmotionSensingTests.debug.xcconfig"; path = "Pods/Target Support Files/Pods-EmotionSensingTests/Pods-EmotionSensingTests.debug.xcconfig"; sourceTree = "<group>"; };
		3D51EE988AC1B285F5641A07 /* Pods_EmotionSensing.framework */ = {isa = PBXFileReference; explicitFileType = wrapper.framework; includeInIndex = 0; path = Pods_EmotionSensing.framework; sourceTree = BUILT_PRODUCTS_DIR; };
		4AE2CEE14FECA45B836C5446 /* Pods-EmotionSensing.release.xcconfig */ = {isa = PBXFileReference; includeInIndex = 1; lastKnownFileType = text.xcconfig; name = "Pods-EmotionSensing.release.xcconfig"; path = "Pods/Target Support Files/Pods-EmotionSensing/Pods-EmotionSensing.release.xcconfig"; sourceTree = "<group>"; };
		6A18EF53F8C81782FA366F91 /* Pods-EmotionSensingTests.release.xcconfig */ = {isa = PBXFileReference; includeInIndex = 1; lastKnownFileType = text.xcconfig; name = "Pods-EmotionSensingTests.release.xcconfig"; path = "Pods/Target Support Files/Pods-EmotionSensingTests/Pods-EmotionSensingTests.release.xcconfig"; sourceTree = "<group>"; };
		7F5B5586221A9061B38E52E6 /* Pods-EmotionSensing.debug.xcconfig */ = {isa = PBXFileReference; includeInIndex = 1; lastKnownFileType = text.xcconfig; name = "Pods-EmotionSensing.debug.xcconfig"; path = "Pods/Target Support Files/Pods-EmotionSensing/Pods-EmotionSensing.debug.xcconfig"; sourceTree = "<group>"; };
		8E1ADD164B6813C31022CA1F /* Pods_EmotionSensingTests.framework */ = {isa = PBXFileReference; explicitFileType = wrapper.framework; includeInIndex = 0; path = Pods_EmotionSensingTests.framework; sourceTree = BUILT_PRODUCTS_DIR; };
		BF1FFEE9227B8E5A00A7824E /* 60.png */ = {isa = PBXFileReference; lastKnownFileType = image.png; path = 60.png; sourceTree = "<group>"; };
		BF1FFEEA227B8E5A00A7824E /* 40.png */ = {isa = PBXFileReference; lastKnownFileType = image.png; path = 40.png; sourceTree = "<group>"; };
		BF1FFEEB227B8E5B00A7824E /* 100.png */ = {isa = PBXFileReference; lastKnownFileType = image.png; path = 100.png; sourceTree = "<group>"; };
		BF1FFEEC227B8E5B00A7824E /* 29.png */ = {isa = PBXFileReference; lastKnownFileType = image.png; path = 29.png; sourceTree = "<group>"; };
		BF1FFEED227B8E5B00A7824E /* 50.png */ = {isa = PBXFileReference; lastKnownFileType = image.png; path = 50.png; sourceTree = "<group>"; };
		BF1FFEEE227B8E5B00A7824E /* 20.png */ = {isa = PBXFileReference; lastKnownFileType = image.png; path = 20.png; sourceTree = "<group>"; };
		BF1FFEEF227B8E5C00A7824E /* 144.png */ = {isa = PBXFileReference; lastKnownFileType = image.png; path = 144.png; sourceTree = "<group>"; };
		BF1FFEF0227B8E5C00A7824E /* 58.png */ = {isa = PBXFileReference; lastKnownFileType = image.png; path = 58.png; sourceTree = "<group>"; };
		BF1FFEF1227B8E5C00A7824E /* 72.png */ = {isa = PBXFileReference; lastKnownFileType = image.png; path = 72.png; sourceTree = "<group>"; };
		BF1FFEF2227B8E6000A7824E /* 80.png */ = {isa = PBXFileReference; lastKnownFileType = image.png; path = 80.png; sourceTree = "<group>"; };
		BF1FFEF3227B8E6000A7824E /* 76.png */ = {isa = PBXFileReference; lastKnownFileType = image.png; path = 76.png; sourceTree = "<group>"; };
		BF1FFEF4227B8E6000A7824E /* 167.png */ = {isa = PBXFileReference; lastKnownFileType = image.png; path = 167.png; sourceTree = "<group>"; };
		BF1FFEF5227B8E6100A7824E /* 152.png */ = {isa = PBXFileReference; lastKnownFileType = image.png; path = 152.png; sourceTree = "<group>"; };
		BF1FFEF6227B8E6100A7824E /* 120.png */ = {isa = PBXFileReference; lastKnownFileType = image.png; path = 120.png; sourceTree = "<group>"; };
		BF1FFEF7227B8E6100A7824E /* 114.png */ = {isa = PBXFileReference; lastKnownFileType = image.png; path = 114.png; sourceTree = "<group>"; };
		BF1FFEF8227B8E6100A7824E /* 180.png */ = {isa = PBXFileReference; lastKnownFileType = image.png; path = 180.png; sourceTree = "<group>"; };
		BF1FFEF9227B8E6100A7824E /* 87.png */ = {isa = PBXFileReference; lastKnownFileType = image.png; path = 87.png; sourceTree = "<group>"; };
		BF1FFEFA227B8E6200A7824E /* 57.png */ = {isa = PBXFileReference; lastKnownFileType = image.png; path = 57.png; sourceTree = "<group>"; };
		BF1FFEFB227B8E6200A7824E /* 1024.png */ = {isa = PBXFileReference; lastKnownFileType = image.png; path = 1024.png; sourceTree = "<group>"; };
		BF1FFF0F227BA44900A7824E /* EmotionSensing.entitlements */ = {isa = PBXFileReference; lastKnownFileType = text.plist.entitlements; path = EmotionSensing.entitlements; sourceTree = "<group>"; };
		BF519D9822286B2C0078E589 /* BLEHeartRateVariability.swift */ = {isa = PBXFileReference; lastKnownFileType = sourcecode.swift; path = BLEHeartRateVariability.swift; sourceTree = "<group>"; };
		BF52DAB422089E74009C0BF5 /* EmotionSensing.app */ = {isa = PBXFileReference; explicitFileType = wrapper.application; includeInIndex = 0; path = EmotionSensing.app; sourceTree = BUILT_PRODUCTS_DIR; };
		BF52DAB722089E74009C0BF5 /* AppDelegate.swift */ = {isa = PBXFileReference; lastKnownFileType = sourcecode.swift; path = AppDelegate.swift; sourceTree = "<group>"; };
		BF52DAB922089E74009C0BF5 /* StudyDashboardViewController.swift */ = {isa = PBXFileReference; lastKnownFileType = sourcecode.swift; path = StudyDashboardViewController.swift; sourceTree = "<group>"; };
		BF52DABE22089E77009C0BF5 /* Assets.xcassets */ = {isa = PBXFileReference; lastKnownFileType = folder.assetcatalog; path = Assets.xcassets; sourceTree = "<group>"; };
		BF52DAC122089E77009C0BF5 /* Base */ = {isa = PBXFileReference; lastKnownFileType = file.storyboard; name = Base; path = Base.lproj/LaunchScreen.storyboard; sourceTree = "<group>"; };
		BF52DAC322089E77009C0BF5 /* Info.plist */ = {isa = PBXFileReference; lastKnownFileType = text.plist.xml; path = Info.plist; sourceTree = "<group>"; };
		BF52DAC822089E77009C0BF5 /* EmotionSensingTests.xctest */ = {isa = PBXFileReference; explicitFileType = wrapper.cfbundle; includeInIndex = 0; path = EmotionSensingTests.xctest; sourceTree = BUILT_PRODUCTS_DIR; };
		BF52DACC22089E77009C0BF5 /* EmotionSensingTests.swift */ = {isa = PBXFileReference; lastKnownFileType = sourcecode.swift; path = EmotionSensingTests.swift; sourceTree = "<group>"; };
		BF52DACE22089E77009C0BF5 /* Info.plist */ = {isa = PBXFileReference; lastKnownFileType = text.plist.xml; path = Info.plist; sourceTree = "<group>"; };
		BF52DAD322089E77009C0BF5 /* EmotionSensingUITests.xctest */ = {isa = PBXFileReference; explicitFileType = wrapper.cfbundle; includeInIndex = 0; path = EmotionSensingUITests.xctest; sourceTree = BUILT_PRODUCTS_DIR; };
		BF52DAD722089E77009C0BF5 /* EmotionSensingUITests.swift */ = {isa = PBXFileReference; lastKnownFileType = sourcecode.swift; path = EmotionSensingUITests.swift; sourceTree = "<group>"; };
		BF52DAD922089E77009C0BF5 /* Info.plist */ = {isa = PBXFileReference; lastKnownFileType = text.plist.xml; path = Info.plist; sourceTree = "<group>"; };
		BF52DAE52208E03E009C0BF5 /* AWAREFramework.framework */ = {isa = PBXFileReference; explicitFileType = wrapper.framework; path = AWAREFramework.framework; sourceTree = BUILT_PRODUCTS_DIR; };
		BF6C3D672252A45100035335 /* StopSignalTaskViewController.swift */ = {isa = PBXFileReference; lastKnownFileType = sourcecode.swift; path = StopSignalTaskViewController.swift; sourceTree = "<group>"; };
		BF7799CC226E1A1100799B00 /* StopSignalTaskGetReadyViewController.swift */ = {isa = PBXFileReference; lastKnownFileType = sourcecode.swift; path = StopSignalTaskGetReadyViewController.swift; sourceTree = "<group>"; };
		BF7E9AB7226E73DE006718BF /* SelfControlEMAViewController.swift */ = {isa = PBXFileReference; lastKnownFileType = sourcecode.swift; path = SelfControlEMAViewController.swift; sourceTree = "<group>"; };
		BF7E9ABD226FA2B8006718BF /* SelfControlEMA.swift */ = {isa = PBXFileReference; lastKnownFileType = sourcecode.swift; path = SelfControlEMA.swift; sourceTree = "<group>"; };
		BF92702F22593558007CCE23 /* Base */ = {isa = PBXFileReference; lastKnownFileType = file.storyboard; name = Base; path = Base.lproj/Main.storyboard; sourceTree = "<group>"; };
		BF92703122593D75007CCE23 /* StopSignalTaskResponse.swift */ = {isa = PBXFileReference; lastKnownFileType = sourcecode.swift; path = StopSignalTaskResponse.swift; sourceTree = "<group>"; };
		BF927033225A941C007CCE23 /* UserTask.swift */ = {isa = PBXFileReference; lastKnownFileType = sourcecode.swift; path = UserTask.swift; sourceTree = "<group>"; };
		BF927035225A95DF007CCE23 /* UserTaskScheduler.swift */ = {isa = PBXFileReference; lastKnownFileType = sourcecode.swift; path = UserTaskScheduler.swift; sourceTree = "<group>"; };
		BF927039225BFA55007CCE23 /* TaskDashboard.storyboard */ = {isa = PBXFileReference; lastKnownFileType = file.storyboard; path = TaskDashboard.storyboard; sourceTree = "<group>"; };
		BF92703B225C0066007CCE23 /* PendingTasksTableViewController.swift */ = {isa = PBXFileReference; lastKnownFileType = sourcecode.swift; path = PendingTasksTableViewController.swift; sourceTree = "<group>"; };
		BFB01467224D4CED00D68077 /* EntityScoscheHRV+CoreDataClass.swift */ = {isa = PBXFileReference; lastKnownFileType = sourcecode.swift; path = "EntityScoscheHRV+CoreDataClass.swift"; sourceTree = "<group>"; };
		BFB01468224D4CED00D68077 /* EntityScoscheHRV+CoreDataProperties.swift */ = {isa = PBXFileReference; lastKnownFileType = sourcecode.swift; path = "EntityScoscheHRV+CoreDataProperties.swift"; sourceTree = "<group>"; };
		BFB1CDA322676FF70082E7FC /* EntityBLEHeartRateVariability+CoreDataClass.swift */ = {isa = PBXFileReference; lastKnownFileType = sourcecode.swift; path = "EntityBLEHeartRateVariability+CoreDataClass.swift"; sourceTree = "<group>"; };
		BFB1CDA422676FF70082E7FC /* EntityBLEHeartRateVariability+CoreDataProperties.swift */ = {isa = PBXFileReference; lastKnownFileType = sourcecode.swift; path = "EntityBLEHeartRateVariability+CoreDataProperties.swift"; sourceTree = "<group>"; };
		BFB1CDA922677C1F0082E7FC /* BLEDevicesTableViewController.swift */ = {isa = PBXFileReference; lastKnownFileType = sourcecode.swift; path = BLEDevicesTableViewController.swift; sourceTree = "<group>"; };
		BFCAAFCA2257F7AA0086A6A1 /* TabBarController.swift */ = {isa = PBXFileReference; lastKnownFileType = sourcecode.swift; path = TabBarController.swift; sourceTree = "<group>"; };
		BFCAAFCC225801F20086A6A1 /* StudyDashboard.storyboard */ = {isa = PBXFileReference; fileEncoding = 4; lastKnownFileType = file.storyboard; path = StudyDashboard.storyboard; sourceTree = "<group>"; };
		BFCAAFCE225809F10086A6A1 /* StopSignalTask.storyboard */ = {isa = PBXFileReference; fileEncoding = 4; lastKnownFileType = file.storyboard; path = StopSignalTask.storyboard; sourceTree = "<group>"; };
		BFEAAD5F2371DF4D000B8A07 /* EntityStopSignalTask+CoreDataClass.swift */ = {isa = PBXFileReference; lastKnownFileType = sourcecode.swift; path = "EntityStopSignalTask+CoreDataClass.swift"; sourceTree = "<group>"; };
		BFEAAD602371DF4D000B8A07 /* EntityStopSignalTask+CoreDataProperties.swift */ = {isa = PBXFileReference; lastKnownFileType = sourcecode.swift; path = "EntityStopSignalTask+CoreDataProperties.swift"; sourceTree = "<group>"; };
		BFEAAD632371E2C5000B8A07 /* EntitySelfControlEMAAnswer+CoreDataClass.swift */ = {isa = PBXFileReference; lastKnownFileType = sourcecode.swift; path = "EntitySelfControlEMAAnswer+CoreDataClass.swift"; sourceTree = "<group>"; };
		BFEAAD642371E2C5000B8A07 /* EntitySelfControlEMAAnswer+CoreDataProperties.swift */ = {isa = PBXFileReference; lastKnownFileType = sourcecode.swift; path = "EntitySelfControlEMAAnswer+CoreDataProperties.swift"; sourceTree = "<group>"; };
		C61E452B15F3A5ACE5D0F388 /* Pods-EmotionSensingUITests.release.xcconfig */ = {isa = PBXFileReference; includeInIndex = 1; lastKnownFileType = text.xcconfig; name = "Pods-EmotionSensingUITests.release.xcconfig"; path = "Pods/Target Support Files/Pods-EmotionSensingUITests/Pods-EmotionSensingUITests.release.xcconfig"; sourceTree = "<group>"; };
		D01143A6511D53728D8C3A75 /* Pods_EmotionSensingUITests.framework */ = {isa = PBXFileReference; explicitFileType = wrapper.framework; includeInIndex = 0; path = Pods_EmotionSensingUITests.framework; sourceTree = BUILT_PRODUCTS_DIR; };
/* End PBXFileReference section */

/* Begin PBXFrameworksBuildPhase section */
		BF52DAB122089E74009C0BF5 /* Frameworks */ = {
			isa = PBXFrameworksBuildPhase;
			buildActionMask = 2147483647;
			files = (
				BF52DAE62208E03E009C0BF5 /* AWAREFramework.framework in Frameworks */,
				A32D3A7382D5EBEBA43ECCF0 /* Pods_EmotionSensing.framework in Frameworks */,
			);
			runOnlyForDeploymentPostprocessing = 0;
		};
		BF52DAC522089E77009C0BF5 /* Frameworks */ = {
			isa = PBXFrameworksBuildPhase;
			buildActionMask = 2147483647;
			files = (
				7DAFC269E8B1EC42884C71B7 /* Pods_EmotionSensingTests.framework in Frameworks */,
			);
			runOnlyForDeploymentPostprocessing = 0;
		};
		BF52DAD022089E77009C0BF5 /* Frameworks */ = {
			isa = PBXFrameworksBuildPhase;
			buildActionMask = 2147483647;
			files = (
				84518E5AB6F5087331A77AEB /* Pods_EmotionSensingUITests.framework in Frameworks */,
			);
			runOnlyForDeploymentPostprocessing = 0;
		};
/* End PBXFrameworksBuildPhase section */

/* Begin PBXGroup section */
		A97A3FF163BCD27501E83E7B /* Frameworks */ = {
			isa = PBXGroup;
			children = (
				BF52DAE52208E03E009C0BF5 /* AWAREFramework.framework */,
				3D51EE988AC1B285F5641A07 /* Pods_EmotionSensing.framework */,
				8E1ADD164B6813C31022CA1F /* Pods_EmotionSensingTests.framework */,
				D01143A6511D53728D8C3A75 /* Pods_EmotionSensingUITests.framework */,
			);
			name = Frameworks;
			sourceTree = "<group>";
		};
		BF1FFF10227BA79200A7824E /* Icons */ = {
			isa = PBXGroup;
			children = (
				BF1FFEEE227B8E5B00A7824E /* 20.png */,
				BF1FFEEC227B8E5B00A7824E /* 29.png */,
				BF1FFEEA227B8E5A00A7824E /* 40.png */,
				BF1FFEED227B8E5B00A7824E /* 50.png */,
				BF1FFEFA227B8E6200A7824E /* 57.png */,
				BF1FFEF0227B8E5C00A7824E /* 58.png */,
				BF1FFEE9227B8E5A00A7824E /* 60.png */,
				BF1FFEF1227B8E5C00A7824E /* 72.png */,
				BF1FFEF3227B8E6000A7824E /* 76.png */,
				BF1FFEF2227B8E6000A7824E /* 80.png */,
				BF1FFEF9227B8E6100A7824E /* 87.png */,
				BF1FFEEB227B8E5B00A7824E /* 100.png */,
				BF1FFEF7227B8E6100A7824E /* 114.png */,
				BF1FFEF6227B8E6100A7824E /* 120.png */,
				BF1FFEEF227B8E5C00A7824E /* 144.png */,
				BF1FFEF5227B8E6100A7824E /* 152.png */,
				BF1FFEF4227B8E6000A7824E /* 167.png */,
				BF1FFEF8227B8E6100A7824E /* 180.png */,
				BF1FFEFB227B8E6200A7824E /* 1024.png */,
			);
			path = Icons;
			sourceTree = "<group>";
		};
		BF52DAAB22089E74009C0BF5 = {
			isa = PBXGroup;
			children = (
				BF52DAB622089E74009C0BF5 /* EmotionSensing */,
				BF52DACB22089E77009C0BF5 /* EmotionSensingTests */,
				BF52DAD622089E77009C0BF5 /* EmotionSensingUITests */,
				BF52DAB522089E74009C0BF5 /* Products */,
				E16CA7222C2C50FE63C83229 /* Pods */,
				A97A3FF163BCD27501E83E7B /* Frameworks */,
			);
			sourceTree = "<group>";
		};
		BF52DAB522089E74009C0BF5 /* Products */ = {
			isa = PBXGroup;
			children = (
				BF52DAB422089E74009C0BF5 /* EmotionSensing.app */,
				BF52DAC822089E77009C0BF5 /* EmotionSensingTests.xctest */,
				BF52DAD322089E77009C0BF5 /* EmotionSensingUITests.xctest */,
			);
			name = Products;
			sourceTree = "<group>";
		};
		BF52DAB622089E74009C0BF5 /* EmotionSensing */ = {
			isa = PBXGroup;
			children = (
				BF1FFF0F227BA44900A7824E /* EmotionSensing.entitlements */,
				BF52DAB722089E74009C0BF5 /* AppDelegate.swift */,
				BFCAAFCA2257F7AA0086A6A1 /* TabBarController.swift */,
				BF52DAB922089E74009C0BF5 /* StudyDashboardViewController.swift */,
				BF6C3D672252A45100035335 /* StopSignalTaskViewController.swift */,
				BF7799CC226E1A1100799B00 /* StopSignalTaskGetReadyViewController.swift */,
				BF92703B225C0066007CCE23 /* PendingTasksTableViewController.swift */,
				BF927033225A941C007CCE23 /* UserTask.swift */,
				BF927035225A95DF007CCE23 /* UserTaskScheduler.swift */,
				BF7E9AB7226E73DE006718BF /* SelfControlEMAViewController.swift */,
				BF519D9822286B2C0078E589 /* BLEHeartRateVariability.swift */,
				BFB1CDA922677C1F0082E7FC /* BLEDevicesTableViewController.swift */,
				BF92703122593D75007CCE23 /* StopSignalTaskResponse.swift */,
				BF7E9ABD226FA2B8006718BF /* SelfControlEMA.swift */,
				BF52DABE22089E77009C0BF5 /* Assets.xcassets */,
				BF1FFF10227BA79200A7824E /* Icons */,
				BF92702E22593558007CCE23 /* Main.storyboard */,
				BF52DAC022089E77009C0BF5 /* LaunchScreen.storyboard */,
				BFCAAFCC225801F20086A6A1 /* StudyDashboard.storyboard */,
				BFCAAFCE225809F10086A6A1 /* StopSignalTask.storyboard */,
				BF927039225BFA55007CCE23 /* TaskDashboard.storyboard */,
				BF52DAC322089E77009C0BF5 /* Info.plist */,
				BFB1CDA322676FF70082E7FC /* EntityBLEHeartRateVariability+CoreDataClass.swift */,
				BFB1CDA422676FF70082E7FC /* EntityBLEHeartRateVariability+CoreDataProperties.swift */,
				BFB01467224D4CED00D68077 /* EntityScoscheHRV+CoreDataClass.swift */,
				BFB01468224D4CED00D68077 /* EntityScoscheHRV+CoreDataProperties.swift */,
				BFEAAD5F2371DF4D000B8A07 /* EntityStopSignalTask+CoreDataClass.swift */,
				BFEAAD602371DF4D000B8A07 /* EntityStopSignalTask+CoreDataProperties.swift */,
				BFEAAD632371E2C5000B8A07 /* EntitySelfControlEMAAnswer+CoreDataClass.swift */,
				BFEAAD642371E2C5000B8A07 /* EntitySelfControlEMAAnswer+CoreDataProperties.swift */,
			);
			path = EmotionSensing;
			sourceTree = "<group>";
		};
		BF52DACB22089E77009C0BF5 /* EmotionSensingTests */ = {
			isa = PBXGroup;
			children = (
				BF52DACC22089E77009C0BF5 /* EmotionSensingTests.swift */,
				BF52DACE22089E77009C0BF5 /* Info.plist */,
			);
			path = EmotionSensingTests;
			sourceTree = "<group>";
		};
		BF52DAD622089E77009C0BF5 /* EmotionSensingUITests */ = {
			isa = PBXGroup;
			children = (
				BF52DAD722089E77009C0BF5 /* EmotionSensingUITests.swift */,
				BF52DAD922089E77009C0BF5 /* Info.plist */,
			);
			path = EmotionSensingUITests;
			sourceTree = "<group>";
		};
		E16CA7222C2C50FE63C83229 /* Pods */ = {
			isa = PBXGroup;
			children = (
				7F5B5586221A9061B38E52E6 /* Pods-EmotionSensing.debug.xcconfig */,
				4AE2CEE14FECA45B836C5446 /* Pods-EmotionSensing.release.xcconfig */,
				31DE310319AABB3D4C2A3604 /* Pods-EmotionSensingTests.debug.xcconfig */,
				6A18EF53F8C81782FA366F91 /* Pods-EmotionSensingTests.release.xcconfig */,
				17CE54A8207237AD1FED7B85 /* Pods-EmotionSensingUITests.debug.xcconfig */,
				C61E452B15F3A5ACE5D0F388 /* Pods-EmotionSensingUITests.release.xcconfig */,
			);
			name = Pods;
			sourceTree = "<group>";
		};
/* End PBXGroup section */

/* Begin PBXNativeTarget section */
		BF52DAB322089E74009C0BF5 /* EmotionSensing */ = {
			isa = PBXNativeTarget;
			buildConfigurationList = BF52DADC22089E77009C0BF5 /* Build configuration list for PBXNativeTarget "EmotionSensing" */;
			buildPhases = (
				3FB253BD873829E677B396EB /* [CP] Check Pods Manifest.lock */,
				BF52DAB022089E74009C0BF5 /* Sources */,
				BF52DAB122089E74009C0BF5 /* Frameworks */,
				BF52DAB222089E74009C0BF5 /* Resources */,
				6097E3A2FC8CFF113A4B0138 /* [CP] Embed Pods Frameworks */,
				26752E260BAA7BC3F8E1F989 /* [CP] Copy Pods Resources */,
			);
			buildRules = (
			);
			dependencies = (
			);
			name = EmotionSensing;
			productName = EmotionSensing;
			productReference = BF52DAB422089E74009C0BF5 /* EmotionSensing.app */;
			productType = "com.apple.product-type.application";
		};
		BF52DAC722089E77009C0BF5 /* EmotionSensingTests */ = {
			isa = PBXNativeTarget;
			buildConfigurationList = BF52DADF22089E77009C0BF5 /* Build configuration list for PBXNativeTarget "EmotionSensingTests" */;
			buildPhases = (
				95812CE6E80E9F6D8A446D8C /* [CP] Check Pods Manifest.lock */,
				BF52DAC422089E77009C0BF5 /* Sources */,
				BF52DAC522089E77009C0BF5 /* Frameworks */,
				BF52DAC622089E77009C0BF5 /* Resources */,
			);
			buildRules = (
			);
			dependencies = (
				BF52DACA22089E77009C0BF5 /* PBXTargetDependency */,
			);
			name = EmotionSensingTests;
			productName = EmotionSensingTests;
			productReference = BF52DAC822089E77009C0BF5 /* EmotionSensingTests.xctest */;
			productType = "com.apple.product-type.bundle.unit-test";
		};
		BF52DAD222089E77009C0BF5 /* EmotionSensingUITests */ = {
			isa = PBXNativeTarget;
			buildConfigurationList = BF52DAE222089E77009C0BF5 /* Build configuration list for PBXNativeTarget "EmotionSensingUITests" */;
			buildPhases = (
				4A37E156D5E646AA31DBC14A /* [CP] Check Pods Manifest.lock */,
				BF52DACF22089E77009C0BF5 /* Sources */,
				BF52DAD022089E77009C0BF5 /* Frameworks */,
				BF52DAD122089E77009C0BF5 /* Resources */,
			);
			buildRules = (
			);
			dependencies = (
				BF52DAD522089E77009C0BF5 /* PBXTargetDependency */,
			);
			name = EmotionSensingUITests;
			productName = EmotionSensingUITests;
			productReference = BF52DAD322089E77009C0BF5 /* EmotionSensingUITests.xctest */;
			productType = "com.apple.product-type.bundle.ui-testing";
		};
/* End PBXNativeTarget section */

/* Begin PBXProject section */
		BF52DAAC22089E74009C0BF5 /* Project object */ = {
			isa = PBXProject;
			attributes = {
				LastSwiftUpdateCheck = 1010;
				LastUpgradeCheck = 1010;
				ORGANIZATIONNAME = Vincent;
				TargetAttributes = {
					BF52DAB322089E74009C0BF5 = {
						CreatedOnToolsVersion = 10.1;
						LastSwiftMigration = 1010;
						SystemCapabilities = {
							com.apple.AccessWiFi = {
								enabled = 1;
							};
							com.apple.BackgroundModes = {
								enabled = 1;
							};
						};
					};
					BF52DAC722089E77009C0BF5 = {
						CreatedOnToolsVersion = 10.1;
						TestTargetID = BF52DAB322089E74009C0BF5;
					};
					BF52DAD222089E77009C0BF5 = {
						CreatedOnToolsVersion = 10.1;
						TestTargetID = BF52DAB322089E74009C0BF5;
					};
				};
			};
			buildConfigurationList = BF52DAAF22089E74009C0BF5 /* Build configuration list for PBXProject "EmotionSensing" */;
			compatibilityVersion = "Xcode 9.3";
			developmentRegion = en;
			hasScannedForEncodings = 0;
			knownRegions = (
				en,
				Base,
			);
			mainGroup = BF52DAAB22089E74009C0BF5;
			productRefGroup = BF52DAB522089E74009C0BF5 /* Products */;
			projectDirPath = "";
			projectRoot = "";
			targets = (
				BF52DAB322089E74009C0BF5 /* EmotionSensing */,
				BF52DAC722089E77009C0BF5 /* EmotionSensingTests */,
				BF52DAD222089E77009C0BF5 /* EmotionSensingUITests */,
			);
		};
/* End PBXProject section */

/* Begin PBXResourcesBuildPhase section */
		BF52DAB222089E74009C0BF5 /* Resources */ = {
			isa = PBXResourcesBuildPhase;
			buildActionMask = 2147483647;
			files = (
				BF1FFF04227B8E6200A7824E /* 72.png in Resources */,
				BF1FFF05227B8E6200A7824E /* 80.png in Resources */,
				BF1FFEFF227B8E6200A7824E /* 29.png in Resources */,
				BF1FFEFE227B8E6200A7824E /* 100.png in Resources */,
				BFCAAFCF225809F20086A6A1 /* StopSignalTask.storyboard in Resources */,
				BF1FFF0D227B8E6200A7824E /* 57.png in Resources */,
				BF1FFF0B227B8E6200A7824E /* 180.png in Resources */,
				BF1FFF01227B8E6200A7824E /* 20.png in Resources */,
				BFCAAFCD225801F20086A6A1 /* StudyDashboard.storyboard in Resources */,
				BF1FFF06227B8E6200A7824E /* 76.png in Resources */,
				BF92703022593558007CCE23 /* Main.storyboard in Resources */,
				BF1FFF02227B8E6200A7824E /* 144.png in Resources */,
				BF1FFF08227B8E6200A7824E /* 152.png in Resources */,
				BF1FFEFC227B8E6200A7824E /* 60.png in Resources */,
				BF1FFF0A227B8E6200A7824E /* 114.png in Resources */,
				BF1FFF0C227B8E6200A7824E /* 87.png in Resources */,
				BF1FFF03227B8E6200A7824E /* 58.png in Resources */,
				BF1FFF0E227B8E6200A7824E /* 1024.png in Resources */,
				BF1FFF07227B8E6200A7824E /* 167.png in Resources */,
				BF52DAC222089E77009C0BF5 /* LaunchScreen.storyboard in Resources */,
				BF1FFEFD227B8E6200A7824E /* 40.png in Resources */,
				BF92703A225BFA55007CCE23 /* TaskDashboard.storyboard in Resources */,
				BF1FFF09227B8E6200A7824E /* 120.png in Resources */,
				BF52DABF22089E77009C0BF5 /* Assets.xcassets in Resources */,
				BF1FFF00227B8E6200A7824E /* 50.png in Resources */,
			);
			runOnlyForDeploymentPostprocessing = 0;
		};
		BF52DAC622089E77009C0BF5 /* Resources */ = {
			isa = PBXResourcesBuildPhase;
			buildActionMask = 2147483647;
			files = (
			);
			runOnlyForDeploymentPostprocessing = 0;
		};
		BF52DAD122089E77009C0BF5 /* Resources */ = {
			isa = PBXResourcesBuildPhase;
			buildActionMask = 2147483647;
			files = (
			);
			runOnlyForDeploymentPostprocessing = 0;
		};
/* End PBXResourcesBuildPhase section */

/* Begin PBXShellScriptBuildPhase section */
		26752E260BAA7BC3F8E1F989 /* [CP] Copy Pods Resources */ = {
			isa = PBXShellScriptBuildPhase;
			buildActionMask = 2147483647;
			files = (
			);
			inputFileListPaths = (
				"${PODS_ROOT}/Target Support Files/Pods-EmotionSensing/Pods-EmotionSensing-resources-${CONFIGURATION}-input-files.xcfilelist",
			);
			name = "[CP] Copy Pods Resources";
			outputFileListPaths = (
				"${PODS_ROOT}/Target Support Files/Pods-EmotionSensing/Pods-EmotionSensing-resources-${CONFIGURATION}-output-files.xcfilelist",
			);
			runOnlyForDeploymentPostprocessing = 0;
			shellPath = /bin/sh;
			shellScript = "\"${PODS_ROOT}/Target Support Files/Pods-EmotionSensing/Pods-EmotionSensing-resources.sh\"\n";
			showEnvVarsInLog = 0;
		};
		3FB253BD873829E677B396EB /* [CP] Check Pods Manifest.lock */ = {
			isa = PBXShellScriptBuildPhase;
			buildActionMask = 2147483647;
			files = (
			);
			inputFileListPaths = (
			);
			inputPaths = (
				"${PODS_PODFILE_DIR_PATH}/Podfile.lock",
				"${PODS_ROOT}/Manifest.lock",
			);
			name = "[CP] Check Pods Manifest.lock";
			outputFileListPaths = (
			);
			outputPaths = (
				"$(DERIVED_FILE_DIR)/Pods-EmotionSensing-checkManifestLockResult.txt",
			);
			runOnlyForDeploymentPostprocessing = 0;
			shellPath = /bin/sh;
			shellScript = "diff \"${PODS_PODFILE_DIR_PATH}/Podfile.lock\" \"${PODS_ROOT}/Manifest.lock\" > /dev/null\nif [ $? != 0 ] ; then\n    # print error to STDERR\n    echo \"error: The sandbox is not in sync with the Podfile.lock. Run 'pod install' or update your CocoaPods installation.\" >&2\n    exit 1\nfi\n# This output is used by Xcode 'outputs' to avoid re-running this script phase.\necho \"SUCCESS\" > \"${SCRIPT_OUTPUT_FILE_0}\"\n";
			showEnvVarsInLog = 0;
		};
		4A37E156D5E646AA31DBC14A /* [CP] Check Pods Manifest.lock */ = {
			isa = PBXShellScriptBuildPhase;
			buildActionMask = 2147483647;
			files = (
			);
			inputFileListPaths = (
			);
			inputPaths = (
				"${PODS_PODFILE_DIR_PATH}/Podfile.lock",
				"${PODS_ROOT}/Manifest.lock",
			);
			name = "[CP] Check Pods Manifest.lock";
			outputFileListPaths = (
			);
			outputPaths = (
				"$(DERIVED_FILE_DIR)/Pods-EmotionSensingUITests-checkManifestLockResult.txt",
			);
			runOnlyForDeploymentPostprocessing = 0;
			shellPath = /bin/sh;
			shellScript = "diff \"${PODS_PODFILE_DIR_PATH}/Podfile.lock\" \"${PODS_ROOT}/Manifest.lock\" > /dev/null\nif [ $? != 0 ] ; then\n    # print error to STDERR\n    echo \"error: The sandbox is not in sync with the Podfile.lock. Run 'pod install' or update your CocoaPods installation.\" >&2\n    exit 1\nfi\n# This output is used by Xcode 'outputs' to avoid re-running this script phase.\necho \"SUCCESS\" > \"${SCRIPT_OUTPUT_FILE_0}\"\n";
			showEnvVarsInLog = 0;
		};
		6097E3A2FC8CFF113A4B0138 /* [CP] Embed Pods Frameworks */ = {
			isa = PBXShellScriptBuildPhase;
			buildActionMask = 2147483647;
			files = (
			);
			inputFileListPaths = (
				"${PODS_ROOT}/Target Support Files/Pods-EmotionSensing/Pods-EmotionSensing-frameworks-${CONFIGURATION}-input-files.xcfilelist",
			);
			name = "[CP] Embed Pods Frameworks";
			outputFileListPaths = (
				"${PODS_ROOT}/Target Support Files/Pods-EmotionSensing/Pods-EmotionSensing-frameworks-${CONFIGURATION}-output-files.xcfilelist",
			);
			runOnlyForDeploymentPostprocessing = 0;
			shellPath = /bin/sh;
			shellScript = "\"${PODS_ROOT}/Target Support Files/Pods-EmotionSensing/Pods-EmotionSensing-frameworks.sh\"\n";
			showEnvVarsInLog = 0;
		};
		95812CE6E80E9F6D8A446D8C /* [CP] Check Pods Manifest.lock */ = {
			isa = PBXShellScriptBuildPhase;
			buildActionMask = 2147483647;
			files = (
			);
			inputFileListPaths = (
			);
			inputPaths = (
				"${PODS_PODFILE_DIR_PATH}/Podfile.lock",
				"${PODS_ROOT}/Manifest.lock",
			);
			name = "[CP] Check Pods Manifest.lock";
			outputFileListPaths = (
			);
			outputPaths = (
				"$(DERIVED_FILE_DIR)/Pods-EmotionSensingTests-checkManifestLockResult.txt",
			);
			runOnlyForDeploymentPostprocessing = 0;
			shellPath = /bin/sh;
			shellScript = "diff \"${PODS_PODFILE_DIR_PATH}/Podfile.lock\" \"${PODS_ROOT}/Manifest.lock\" > /dev/null\nif [ $? != 0 ] ; then\n    # print error to STDERR\n    echo \"error: The sandbox is not in sync with the Podfile.lock. Run 'pod install' or update your CocoaPods installation.\" >&2\n    exit 1\nfi\n# This output is used by Xcode 'outputs' to avoid re-running this script phase.\necho \"SUCCESS\" > \"${SCRIPT_OUTPUT_FILE_0}\"\n";
			showEnvVarsInLog = 0;
		};
/* End PBXShellScriptBuildPhase section */

/* Begin PBXSourcesBuildPhase section */
		BF52DAB022089E74009C0BF5 /* Sources */ = {
			isa = PBXSourcesBuildPhase;
			buildActionMask = 2147483647;
			files = (
				BFB01469224D4CED00D68077 /* EntityScoscheHRV+CoreDataClass.swift in Sources */,
				BF927034225A941C007CCE23 /* UserTask.swift in Sources */,
				BF7E9AB8226E73DE006718BF /* SelfControlEMAViewController.swift in Sources */,
				BF7799CD226E1A1100799B00 /* StopSignalTaskGetReadyViewController.swift in Sources */,
				BF6C3D682252A45100035335 /* StopSignalTaskViewController.swift in Sources */,
				BFEAAD652371E2C5000B8A07 /* EntitySelfControlEMAAnswer+CoreDataClass.swift in Sources */,
				BF92703C225C0066007CCE23 /* PendingTasksTableViewController.swift in Sources */,
				BFEAAD662371E2C5000B8A07 /* EntitySelfControlEMAAnswer+CoreDataProperties.swift in Sources */,
				BFB1CDA522676FF70082E7FC /* EntityBLEHeartRateVariability+CoreDataClass.swift in Sources */,
				BF7E9ABE226FA2B8006718BF /* SelfControlEMA.swift in Sources */,
				BFB0146A224D4CED00D68077 /* EntityScoscheHRV+CoreDataProperties.swift in Sources */,
				BF92703222593D75007CCE23 /* StopSignalTaskResponse.swift in Sources */,
				BFEAAD612371DF4D000B8A07 /* EntityStopSignalTask+CoreDataClass.swift in Sources */,
				BF52DABA22089E74009C0BF5 /* StudyDashboardViewController.swift in Sources */,
				BFCAAFCB2257F7AA0086A6A1 /* TabBarController.swift in Sources */,
				BFB1CDA622676FF70082E7FC /* EntityBLEHeartRateVariability+CoreDataProperties.swift in Sources */,
				BFEAAD622371DF4D000B8A07 /* EntityStopSignalTask+CoreDataProperties.swift in Sources */,
				BFB1CDAA22677C1F0082E7FC /* BLEDevicesTableViewController.swift in Sources */,
				BF519D9922286B2C0078E589 /* BLEHeartRateVariability.swift in Sources */,
				BF52DAB822089E74009C0BF5 /* AppDelegate.swift in Sources */,
				BF927036225A95DF007CCE23 /* UserTaskScheduler.swift in Sources */,
			);
			runOnlyForDeploymentPostprocessing = 0;
		};
		BF52DAC422089E77009C0BF5 /* Sources */ = {
			isa = PBXSourcesBuildPhase;
			buildActionMask = 2147483647;
			files = (
				BF52DACD22089E77009C0BF5 /* EmotionSensingTests.swift in Sources */,
			);
			runOnlyForDeploymentPostprocessing = 0;
		};
		BF52DACF22089E77009C0BF5 /* Sources */ = {
			isa = PBXSourcesBuildPhase;
			buildActionMask = 2147483647;
			files = (
				BF52DAD822089E77009C0BF5 /* EmotionSensingUITests.swift in Sources */,
			);
			runOnlyForDeploymentPostprocessing = 0;
		};
/* End PBXSourcesBuildPhase section */

/* Begin PBXTargetDependency section */
		BF52DACA22089E77009C0BF5 /* PBXTargetDependency */ = {
			isa = PBXTargetDependency;
			target = BF52DAB322089E74009C0BF5 /* EmotionSensing */;
			targetProxy = BF52DAC922089E77009C0BF5 /* PBXContainerItemProxy */;
		};
		BF52DAD522089E77009C0BF5 /* PBXTargetDependency */ = {
			isa = PBXTargetDependency;
			target = BF52DAB322089E74009C0BF5 /* EmotionSensing */;
			targetProxy = BF52DAD422089E77009C0BF5 /* PBXContainerItemProxy */;
		};
/* End PBXTargetDependency section */

/* Begin PBXVariantGroup section */
		BF52DAC022089E77009C0BF5 /* LaunchScreen.storyboard */ = {
			isa = PBXVariantGroup;
			children = (
				BF52DAC122089E77009C0BF5 /* Base */,
			);
			name = LaunchScreen.storyboard;
			sourceTree = "<group>";
		};
		BF92702E22593558007CCE23 /* Main.storyboard */ = {
			isa = PBXVariantGroup;
			children = (
				BF92702F22593558007CCE23 /* Base */,
			);
			name = Main.storyboard;
			sourceTree = "<group>";
		};
/* End PBXVariantGroup section */

/* Begin XCBuildConfiguration section */
		BF52DADA22089E77009C0BF5 /* Debug */ = {
			isa = XCBuildConfiguration;
			buildSettings = {
				ALWAYS_SEARCH_USER_PATHS = NO;
				CLANG_ANALYZER_NONNULL = YES;
				CLANG_ANALYZER_NUMBER_OBJECT_CONVERSION = YES_AGGRESSIVE;
				CLANG_CXX_LANGUAGE_STANDARD = "gnu++14";
				CLANG_CXX_LIBRARY = "libc++";
				CLANG_ENABLE_MODULES = YES;
				CLANG_ENABLE_OBJC_ARC = YES;
				CLANG_ENABLE_OBJC_WEAK = YES;
				CLANG_WARN_BLOCK_CAPTURE_AUTORELEASING = YES;
				CLANG_WARN_BOOL_CONVERSION = YES;
				CLANG_WARN_COMMA = YES;
				CLANG_WARN_CONSTANT_CONVERSION = YES;
				CLANG_WARN_DEPRECATED_OBJC_IMPLEMENTATIONS = YES;
				CLANG_WARN_DIRECT_OBJC_ISA_USAGE = YES_ERROR;
				CLANG_WARN_DOCUMENTATION_COMMENTS = YES;
				CLANG_WARN_EMPTY_BODY = YES;
				CLANG_WARN_ENUM_CONVERSION = YES;
				CLANG_WARN_INFINITE_RECURSION = YES;
				CLANG_WARN_INT_CONVERSION = YES;
				CLANG_WARN_NON_LITERAL_NULL_CONVERSION = YES;
				CLANG_WARN_OBJC_IMPLICIT_RETAIN_SELF = YES;
				CLANG_WARN_OBJC_LITERAL_CONVERSION = YES;
				CLANG_WARN_OBJC_ROOT_CLASS = YES_ERROR;
				CLANG_WARN_RANGE_LOOP_ANALYSIS = YES;
				CLANG_WARN_STRICT_PROTOTYPES = YES;
				CLANG_WARN_SUSPICIOUS_MOVE = YES;
				CLANG_WARN_UNGUARDED_AVAILABILITY = YES_AGGRESSIVE;
				CLANG_WARN_UNREACHABLE_CODE = YES;
				CLANG_WARN__DUPLICATE_METHOD_MATCH = YES;
				CODE_SIGN_IDENTITY = "iPhone Developer";
				COPY_PHASE_STRIP = NO;
				DEBUG_INFORMATION_FORMAT = dwarf;
				ENABLE_STRICT_OBJC_MSGSEND = YES;
				ENABLE_TESTABILITY = YES;
				GCC_C_LANGUAGE_STANDARD = gnu11;
				GCC_DYNAMIC_NO_PIC = NO;
				GCC_NO_COMMON_BLOCKS = YES;
				GCC_OPTIMIZATION_LEVEL = 0;
				GCC_PREPROCESSOR_DEFINITIONS = (
					"DEBUG=1",
					"$(inherited)",
				);
				GCC_WARN_64_TO_32_BIT_CONVERSION = YES;
				GCC_WARN_ABOUT_RETURN_TYPE = YES_ERROR;
				GCC_WARN_UNDECLARED_SELECTOR = YES;
				GCC_WARN_UNINITIALIZED_AUTOS = YES_AGGRESSIVE;
				GCC_WARN_UNUSED_FUNCTION = YES;
				GCC_WARN_UNUSED_VARIABLE = YES;
				IPHONEOS_DEPLOYMENT_TARGET = 10.0;
				MTL_ENABLE_DEBUG_INFO = INCLUDE_SOURCE;
				MTL_FAST_MATH = YES;
				ONLY_ACTIVE_ARCH = YES;
				SDKROOT = iphoneos;
				SWIFT_ACTIVE_COMPILATION_CONDITIONS = DEBUG;
				SWIFT_OPTIMIZATION_LEVEL = "-Onone";
			};
			name = Debug;
		};
		BF52DADB22089E77009C0BF5 /* Release */ = {
			isa = XCBuildConfiguration;
			buildSettings = {
				ALWAYS_SEARCH_USER_PATHS = NO;
				CLANG_ANALYZER_NONNULL = YES;
				CLANG_ANALYZER_NUMBER_OBJECT_CONVERSION = YES_AGGRESSIVE;
				CLANG_CXX_LANGUAGE_STANDARD = "gnu++14";
				CLANG_CXX_LIBRARY = "libc++";
				CLANG_ENABLE_MODULES = YES;
				CLANG_ENABLE_OBJC_ARC = YES;
				CLANG_ENABLE_OBJC_WEAK = YES;
				CLANG_WARN_BLOCK_CAPTURE_AUTORELEASING = YES;
				CLANG_WARN_BOOL_CONVERSION = YES;
				CLANG_WARN_COMMA = YES;
				CLANG_WARN_CONSTANT_CONVERSION = YES;
				CLANG_WARN_DEPRECATED_OBJC_IMPLEMENTATIONS = YES;
				CLANG_WARN_DIRECT_OBJC_ISA_USAGE = YES_ERROR;
				CLANG_WARN_DOCUMENTATION_COMMENTS = YES;
				CLANG_WARN_EMPTY_BODY = YES;
				CLANG_WARN_ENUM_CONVERSION = YES;
				CLANG_WARN_INFINITE_RECURSION = YES;
				CLANG_WARN_INT_CONVERSION = YES;
				CLANG_WARN_NON_LITERAL_NULL_CONVERSION = YES;
				CLANG_WARN_OBJC_IMPLICIT_RETAIN_SELF = YES;
				CLANG_WARN_OBJC_LITERAL_CONVERSION = YES;
				CLANG_WARN_OBJC_ROOT_CLASS = YES_ERROR;
				CLANG_WARN_RANGE_LOOP_ANALYSIS = YES;
				CLANG_WARN_STRICT_PROTOTYPES = YES;
				CLANG_WARN_SUSPICIOUS_MOVE = YES;
				CLANG_WARN_UNGUARDED_AVAILABILITY = YES_AGGRESSIVE;
				CLANG_WARN_UNREACHABLE_CODE = YES;
				CLANG_WARN__DUPLICATE_METHOD_MATCH = YES;
				CODE_SIGN_IDENTITY = "iPhone Developer";
				COPY_PHASE_STRIP = NO;
				DEBUG_INFORMATION_FORMAT = "dwarf-with-dsym";
				ENABLE_NS_ASSERTIONS = NO;
				ENABLE_STRICT_OBJC_MSGSEND = YES;
				GCC_C_LANGUAGE_STANDARD = gnu11;
				GCC_NO_COMMON_BLOCKS = YES;
				GCC_WARN_64_TO_32_BIT_CONVERSION = YES;
				GCC_WARN_ABOUT_RETURN_TYPE = YES_ERROR;
				GCC_WARN_UNDECLARED_SELECTOR = YES;
				GCC_WARN_UNINITIALIZED_AUTOS = YES_AGGRESSIVE;
				GCC_WARN_UNUSED_FUNCTION = YES;
				GCC_WARN_UNUSED_VARIABLE = YES;
				IPHONEOS_DEPLOYMENT_TARGET = 10.0;
				MTL_ENABLE_DEBUG_INFO = NO;
				MTL_FAST_MATH = YES;
				SDKROOT = iphoneos;
				SWIFT_COMPILATION_MODE = wholemodule;
				SWIFT_OPTIMIZATION_LEVEL = "-O";
				VALIDATE_PRODUCT = YES;
			};
			name = Release;
		};
		BF52DADD22089E77009C0BF5 /* Debug */ = {
			isa = XCBuildConfiguration;
			baseConfigurationReference = 7F5B5586221A9061B38E52E6 /* Pods-EmotionSensing.debug.xcconfig */;
			buildSettings = {
				ALWAYS_EMBED_SWIFT_STANDARD_LIBRARIES = NO;
				ASSETCATALOG_COMPILER_APPICON_NAME = AppIcon;
				CLANG_ENABLE_MODULES = YES;
				CODE_SIGN_ENTITLEMENTS = EmotionSensing/EmotionSensing.entitlements;
				CODE_SIGN_STYLE = Automatic;
				DEFINES_MODULE = NO;
				DEVELOPMENT_TEAM = 853VPLF7T7;
				ENABLE_BITCODE = NO;
				INFOPLIST_FILE = EmotionSensing/Info.plist;
				IPHONEOS_DEPLOYMENT_TARGET = 10.0;
				LD_RUNPATH_SEARCH_PATHS = (
					"$(inherited)",
					"@executable_path/Frameworks",
				);
				PRODUCT_BUNDLE_IDENTIFIER = com.vincent.EmotionMeter;
				PRODUCT_NAME = "$(TARGET_NAME)";
				SWIFT_OBJC_BRIDGING_HEADER = "";
				SWIFT_OPTIMIZATION_LEVEL = "-Onone";
				SWIFT_VERSION = 4.2;
				TARGETED_DEVICE_FAMILY = 1;
			};
			name = Debug;
		};
		BF52DADE22089E77009C0BF5 /* Release */ = {
			isa = XCBuildConfiguration;
			baseConfigurationReference = 4AE2CEE14FECA45B836C5446 /* Pods-EmotionSensing.release.xcconfig */;
			buildSettings = {
				ALWAYS_EMBED_SWIFT_STANDARD_LIBRARIES = NO;
				ASSETCATALOG_COMPILER_APPICON_NAME = AppIcon;
				CLANG_ENABLE_MODULES = YES;
				CODE_SIGN_ENTITLEMENTS = EmotionSensing/EmotionSensing.entitlements;
				CODE_SIGN_STYLE = Automatic;
				DEFINES_MODULE = NO;
				DEVELOPMENT_TEAM = 853VPLF7T7;
				ENABLE_BITCODE = NO;
				INFOPLIST_FILE = EmotionSensing/Info.plist;
				IPHONEOS_DEPLOYMENT_TARGET = 10.0;
				LD_RUNPATH_SEARCH_PATHS = (
					"$(inherited)",
					"@executable_path/Frameworks",
				);
				PRODUCT_BUNDLE_IDENTIFIER = com.vincent.EmotionMeter;
				PRODUCT_NAME = "$(TARGET_NAME)";
				SWIFT_OBJC_BRIDGING_HEADER = "";
				SWIFT_VERSION = 4.2;
				TARGETED_DEVICE_FAMILY = 1;
			};
			name = Release;
		};
		BF52DAE022089E77009C0BF5 /* Debug */ = {
			isa = XCBuildConfiguration;
			baseConfigurationReference = 31DE310319AABB3D4C2A3604 /* Pods-EmotionSensingTests.debug.xcconfig */;
			buildSettings = {
				ALWAYS_EMBED_SWIFT_STANDARD_LIBRARIES = YES;
				BUNDLE_LOADER = "$(TEST_HOST)";
				CODE_SIGN_STYLE = Automatic;
				DEVELOPMENT_TEAM = B6V9YNR3RR;
				INFOPLIST_FILE = EmotionSensingTests/Info.plist;
				LD_RUNPATH_SEARCH_PATHS = (
					"$(inherited)",
					"@executable_path/Frameworks",
					"@loader_path/Frameworks",
				);
				PRODUCT_BUNDLE_IDENTIFIER = com.vincent.EmotionSensingTests;
				PRODUCT_NAME = "$(TARGET_NAME)";
				SWIFT_VERSION = 4.2;
				TARGETED_DEVICE_FAMILY = "1,2";
				TEST_HOST = "$(BUILT_PRODUCTS_DIR)/EmotionSensing.app/EmotionSensing";
			};
			name = Debug;
		};
		BF52DAE122089E77009C0BF5 /* Release */ = {
			isa = XCBuildConfiguration;
			baseConfigurationReference = 6A18EF53F8C81782FA366F91 /* Pods-EmotionSensingTests.release.xcconfig */;
			buildSettings = {
				ALWAYS_EMBED_SWIFT_STANDARD_LIBRARIES = YES;
				BUNDLE_LOADER = "$(TEST_HOST)";
				CODE_SIGN_STYLE = Automatic;
				DEVELOPMENT_TEAM = B6V9YNR3RR;
				INFOPLIST_FILE = EmotionSensingTests/Info.plist;
				LD_RUNPATH_SEARCH_PATHS = (
					"$(inherited)",
					"@executable_path/Frameworks",
					"@loader_path/Frameworks",
				);
				PRODUCT_BUNDLE_IDENTIFIER = com.vincent.EmotionSensingTests;
				PRODUCT_NAME = "$(TARGET_NAME)";
				SWIFT_VERSION = 4.2;
				TARGETED_DEVICE_FAMILY = "1,2";
				TEST_HOST = "$(BUILT_PRODUCTS_DIR)/EmotionSensing.app/EmotionSensing";
			};
			name = Release;
		};
		BF52DAE322089E77009C0BF5 /* Debug */ = {
			isa = XCBuildConfiguration;
			baseConfigurationReference = 17CE54A8207237AD1FED7B85 /* Pods-EmotionSensingUITests.debug.xcconfig */;
			buildSettings = {
				ALWAYS_EMBED_SWIFT_STANDARD_LIBRARIES = YES;
				CODE_SIGN_STYLE = Automatic;
				DEVELOPMENT_TEAM = B6V9YNR3RR;
				INFOPLIST_FILE = EmotionSensingUITests/Info.plist;
				LD_RUNPATH_SEARCH_PATHS = (
					"$(inherited)",
					"@executable_path/Frameworks",
					"@loader_path/Frameworks",
				);
				PRODUCT_BUNDLE_IDENTIFIER = com.vincent.EmotionSensingUITests;
				PRODUCT_NAME = "$(TARGET_NAME)";
				SWIFT_VERSION = 4.2;
				TARGETED_DEVICE_FAMILY = "1,2";
				TEST_TARGET_NAME = EmotionSensing;
			};
			name = Debug;
		};
		BF52DAE422089E77009C0BF5 /* Release */ = {
			isa = XCBuildConfiguration;
			baseConfigurationReference = C61E452B15F3A5ACE5D0F388 /* Pods-EmotionSensingUITests.release.xcconfig */;
			buildSettings = {
				ALWAYS_EMBED_SWIFT_STANDARD_LIBRARIES = YES;
				CODE_SIGN_STYLE = Automatic;
				DEVELOPMENT_TEAM = B6V9YNR3RR;
				INFOPLIST_FILE = EmotionSensingUITests/Info.plist;
				LD_RUNPATH_SEARCH_PATHS = (
					"$(inherited)",
					"@executable_path/Frameworks",
					"@loader_path/Frameworks",
				);
				PRODUCT_BUNDLE_IDENTIFIER = com.vincent.EmotionSensingUITests;
				PRODUCT_NAME = "$(TARGET_NAME)";
				SWIFT_VERSION = 4.2;
				TARGETED_DEVICE_FAMILY = "1,2";
				TEST_TARGET_NAME = EmotionSensing;
			};
			name = Release;
		};
/* End XCBuildConfiguration section */

/* Begin XCConfigurationList section */
		BF52DAAF22089E74009C0BF5 /* Build configuration list for PBXProject "EmotionSensing" */ = {
			isa = XCConfigurationList;
			buildConfigurations = (
				BF52DADA22089E77009C0BF5 /* Debug */,
				BF52DADB22089E77009C0BF5 /* Release */,
			);
			defaultConfigurationIsVisible = 0;
			defaultConfigurationName = Release;
		};
		BF52DADC22089E77009C0BF5 /* Build configuration list for PBXNativeTarget "EmotionSensing" */ = {
			isa = XCConfigurationList;
			buildConfigurations = (
				BF52DADD22089E77009C0BF5 /* Debug */,
				BF52DADE22089E77009C0BF5 /* Release */,
			);
			defaultConfigurationIsVisible = 0;
			defaultConfigurationName = Release;
		};
		BF52DADF22089E77009C0BF5 /* Build configuration list for PBXNativeTarget "EmotionSensingTests" */ = {
			isa = XCConfigurationList;
			buildConfigurations = (
				BF52DAE022089E77009C0BF5 /* Debug */,
				BF52DAE122089E77009C0BF5 /* Release */,
			);
			defaultConfigurationIsVisible = 0;
			defaultConfigurationName = Release;
		};
		BF52DAE222089E77009C0BF5 /* Build configuration list for PBXNativeTarget "EmotionSensingUITests" */ = {
			isa = XCConfigurationList;
			buildConfigurations = (
				BF52DAE322089E77009C0BF5 /* Debug */,
				BF52DAE422089E77009C0BF5 /* Release */,
			);
			defaultConfigurationIsVisible = 0;
			defaultConfigurationName = Release;
		};
/* End XCConfigurationList section */
	};
	rootObject = BF52DAAC22089E74009C0BF5 /* Project object */;
}
