// !$*UTF8*$!
{
	archiveVersion = 1;
	classes = {
	};
	objectVersion = 50;
	objects = {

/* Begin PBXBuildFile section */
		7DAFC269E8B1EC42884C71B7 /* Pods_EmotionSensingTests.framework in Frameworks */ = {isa = PBXBuildFile; fileRef = 8E1ADD164B6813C31022CA1F /* Pods_EmotionSensingTests.framework */; };
		84518E5AB6F5087331A77AEB /* Pods_EmotionSensingUITests.framework in Frameworks */ = {isa = PBXBuildFile; fileRef = D01143A6511D53728D8C3A75 /* Pods_EmotionSensingUITests.framework */; };
		A32D3A7382D5EBEBA43ECCF0 /* Pods_EmotionSensing.framework in Frameworks */ = {isa = PBXBuildFile; fileRef = 3D51EE988AC1B285F5641A07 /* Pods_EmotionSensing.framework */; };
		BF519D9922286B2C0078E589 /* ScoscheHRV.swift in Sources */ = {isa = PBXBuildFile; fileRef = BF519D9822286B2C0078E589 /* ScoscheHRV.swift */; };
		BF52DAB822089E74009C0BF5 /* AppDelegate.swift in Sources */ = {isa = PBXBuildFile; fileRef = BF52DAB722089E74009C0BF5 /* AppDelegate.swift */; };
		BF52DABA22089E74009C0BF5 /* ViewController.swift in Sources */ = {isa = PBXBuildFile; fileRef = BF52DAB922089E74009C0BF5 /* ViewController.swift */; };
		BF52DABD22089E74009C0BF5 /* Main.storyboard in Resources */ = {isa = PBXBuildFile; fileRef = BF52DABB22089E74009C0BF5 /* Main.storyboard */; };
		BF52DABF22089E77009C0BF5 /* Assets.xcassets in Resources */ = {isa = PBXBuildFile; fileRef = BF52DABE22089E77009C0BF5 /* Assets.xcassets */; };
		BF52DAC222089E77009C0BF5 /* LaunchScreen.storyboard in Resources */ = {isa = PBXBuildFile; fileRef = BF52DAC022089E77009C0BF5 /* LaunchScreen.storyboard */; };
		BF52DACD22089E77009C0BF5 /* EmotionSensingTests.swift in Sources */ = {isa = PBXBuildFile; fileRef = BF52DACC22089E77009C0BF5 /* EmotionSensingTests.swift */; };
		BF52DAD822089E77009C0BF5 /* EmotionSensingUITests.swift in Sources */ = {isa = PBXBuildFile; fileRef = BF52DAD722089E77009C0BF5 /* EmotionSensingUITests.swift */; };
		BF52DAE62208E03E009C0BF5 /* AWAREFramework.framework in Frameworks */ = {isa = PBXBuildFile; fileRef = BF52DAE52208E03E009C0BF5 /* AWAREFramework.framework */; };
		BFB01469224D4CED00D68077 /* EntityScoscheHRV+CoreDataClass.swift in Sources */ = {isa = PBXBuildFile; fileRef = BFB01467224D4CED00D68077 /* EntityScoscheHRV+CoreDataClass.swift */; };
		BFB0146A224D4CED00D68077 /* EntityScoscheHRV+CoreDataProperties.swift in Sources */ = {isa = PBXBuildFile; fileRef = BFB01468224D4CED00D68077 /* EntityScoscheHRV+CoreDataProperties.swift */; };
/* End PBXBuildFile section */

/* Begin PBXContainerItemProxy section */
		BF52DAC922089E77009C0BF5 /* PBXContainerItemProxy */ = {
			isa = PBXContainerItemProxy;
			containerPortal = BF52DAAC22089E74009C0BF5 /* Project object */;
			proxyType = 1;
			remoteGlobalIDString = BF52DAB322089E74009C0BF5;
			remoteInfo = EmotionSensing;
		};
		BF52DAD422089E77009C0BF5 /* PBXContainerItemProxy */ = {
			isa = PBXContainerItemProxy;
			containerPortal = BF52DAAC22089E74009C0BF5 /* Project object */;
			proxyType = 1;
			remoteGlobalIDString = BF52DAB322089E74009C0BF5;
			remoteInfo = EmotionSensing;
		};
/* End PBXContainerItemProxy section */

/* Begin PBXFileReference section */
		17CE54A8207237AD1FED7B85 /* Pods-EmotionSensingUITests.debug.xcconfig */ = {isa = PBXFileReference; includeInIndex = 1; lastKnownFileType = text.xcconfig; name = "Pods-EmotionSensingUITests.debug.xcconfig"; path = "Pods/Target Support Files/Pods-EmotionSensingUITests/Pods-EmotionSensingUITests.debug.xcconfig"; sourceTree = "<group>"; };
		31DE310319AABB3D4C2A3604 /* Pods-EmotionSensingTests.debug.xcconfig */ = {isa = PBXFileReference; includeInIndex = 1; lastKnownFileType = text.xcconfig; name = "Pods-EmotionSensingTests.debug.xcconfig"; path = "Pods/Target Support Files/Pods-EmotionSensingTests/Pods-EmotionSensingTests.debug.xcconfig"; sourceTree = "<group>"; };
		3D51EE988AC1B285F5641A07 /* Pods_EmotionSensing.framework */ = {isa = PBXFileReference; explicitFileType = wrapper.framework; includeInIndex = 0; path = Pods_EmotionSensing.framework; sourceTree = BUILT_PRODUCTS_DIR; };
		4AE2CEE14FECA45B836C5446 /* Pods-EmotionSensing.release.xcconfig */ = {isa = PBXFileReference; includeInIndex = 1; lastKnownFileType = text.xcconfig; name = "Pods-EmotionSensing.release.xcconfig"; path = "Pods/Target Support Files/Pods-EmotionSensing/Pods-EmotionSensing.release.xcconfig"; sourceTree = "<group>"; };
		6A18EF53F8C81782FA366F91 /* Pods-EmotionSensingTests.release.xcconfig */ = {isa = PBXFileReference; includeInIndex = 1; lastKnownFileType = text.xcconfig; name = "Pods-EmotionSensingTests.release.xcconfig"; path = "Pods/Target Support Files/Pods-EmotionSensingTests/Pods-EmotionSensingTests.release.xcconfig"; sourceTree = "<group>"; };
		7F5B5586221A9061B38E52E6 /* Pods-EmotionSensing.debug.xcconfig */ = {isa = PBXFileReference; includeInIndex = 1; lastKnownFileType = text.xcconfig; name = "Pods-EmotionSensing.debug.xcconfig"; path = "Pods/Target Support Files/Pods-EmotionSensing/Pods-EmotionSensing.debug.xcconfig"; sourceTree = "<group>"; };
		8E1ADD164B6813C31022CA1F /* Pods_EmotionSensingTests.framework */ = {isa = PBXFileReference; explicitFileType = wrapper.framework; includeInIndex = 0; path = Pods_EmotionSensingTests.framework; sourceTree = BUILT_PRODUCTS_DIR; };
		BF519D9822286B2C0078E589 /* ScoscheHRV.swift */ = {isa = PBXFileReference; lastKnownFileType = sourcecode.swift; path = ScoscheHRV.swift; sourceTree = "<group>"; };
		BF52DAB422089E74009C0BF5 /* EmotionSensing.app */ = {isa = PBXFileReference; explicitFileType = wrapper.application; includeInIndex = 0; path = EmotionSensing.app; sourceTree = BUILT_PRODUCTS_DIR; };
		BF52DAB722089E74009C0BF5 /* AppDelegate.swift */ = {isa = PBXFileReference; lastKnownFileType = sourcecode.swift; path = AppDelegate.swift; sourceTree = "<group>"; };
		BF52DAB922089E74009C0BF5 /* ViewController.swift */ = {isa = PBXFileReference; lastKnownFileType = sourcecode.swift; path = ViewController.swift; sourceTree = "<group>"; };
		BF52DABC22089E74009C0BF5 /* Base */ = {isa = PBXFileReference; lastKnownFileType = file.storyboard; name = Base; path = Base.lproj/Main.storyboard; sourceTree = "<group>"; };
		BF52DABE22089E77009C0BF5 /* Assets.xcassets */ = {isa = PBXFileReference; lastKnownFileType = folder.assetcatalog; path = Assets.xcassets; sourceTree = "<group>"; };
		BF52DAC122089E77009C0BF5 /* Base */ = {isa = PBXFileReference; lastKnownFileType = file.storyboard; name = Base; path = Base.lproj/LaunchScreen.storyboard; sourceTree = "<group>"; };
		BF52DAC322089E77009C0BF5 /* Info.plist */ = {isa = PBXFileReference; lastKnownFileType = text.plist.xml; path = Info.plist; sourceTree = "<group>"; };
		BF52DAC822089E77009C0BF5 /* EmotionSensingTests.xctest */ = {isa = PBXFileReference; explicitFileType = wrapper.cfbundle; includeInIndex = 0; path = EmotionSensingTests.xctest; sourceTree = BUILT_PRODUCTS_DIR; };
		BF52DACC22089E77009C0BF5 /* EmotionSensingTests.swift */ = {isa = PBXFileReference; lastKnownFileType = sourcecode.swift; path = EmotionSensingTests.swift; sourceTree = "<group>"; };
		BF52DACE22089E77009C0BF5 /* Info.plist */ = {isa = PBXFileReference; lastKnownFileType = text.plist.xml; path = Info.plist; sourceTree = "<group>"; };
		BF52DAD322089E77009C0BF5 /* EmotionSensingUITests.xctest */ = {isa = PBXFileReference; explicitFileType = wrapper.cfbundle; includeInIndex = 0; path = EmotionSensingUITests.xctest; sourceTree = BUILT_PRODUCTS_DIR; };
		BF52DAD722089E77009C0BF5 /* EmotionSensingUITests.swift */ = {isa = PBXFileReference; lastKnownFileType = sourcecode.swift; path = EmotionSensingUITests.swift; sourceTree = "<group>"; };
		BF52DAD922089E77009C0BF5 /* Info.plist */ = {isa = PBXFileReference; lastKnownFileType = text.plist.xml; path = Info.plist; sourceTree = "<group>"; };
		BF52DAE52208E03E009C0BF5 /* AWAREFramework.framework */ = {isa = PBXFileReference; explicitFileType = wrapper.framework; path = AWAREFramework.framework; sourceTree = BUILT_PRODUCTS_DIR; };
		BFB01467224D4CED00D68077 /* EntityScoscheHRV+CoreDataClass.swift */ = {isa = PBXFileReference; lastKnownFileType = sourcecode.swift; path = "EntityScoscheHRV+CoreDataClass.swift"; sourceTree = "<group>"; };
		BFB01468224D4CED00D68077 /* EntityScoscheHRV+CoreDataProperties.swift */ = {isa = PBXFileReference; lastKnownFileType = sourcecode.swift; path = "EntityScoscheHRV+CoreDataProperties.swift"; sourceTree = "<group>"; };
		BFCAAFC62257E27F0086A6A1 /* HRV.storyboard */ = {isa = PBXFileReference; lastKnownFileType = file.storyboard; name = HRV.storyboard; path = "/Users/vincent/Desktop/EmotionSensing/inhibition-sensing/EmotionSensing/HRV.storyboard"; sourceTree = "<absolute>"; };
		C61E452B15F3A5ACE5D0F388 /* Pods-EmotionSensingUITests.release.xcconfig */ = {isa = PBXFileReference; includeInIndex = 1; lastKnownFileType = text.xcconfig; name = "Pods-EmotionSensingUITests.release.xcconfig"; path = "Pods/Target Support Files/Pods-EmotionSensingUITests/Pods-EmotionSensingUITests.release.xcconfig"; sourceTree = "<group>"; };
		D01143A6511D53728D8C3A75 /* Pods_EmotionSensingUITests.framework */ = {isa = PBXFileReference; explicitFileType = wrapper.framework; includeInIndex = 0; path = Pods_EmotionSensingUITests.framework; sourceTree = BUILT_PRODUCTS_DIR; };
/* End PBXFileReference section */

/* Begin PBXFrameworksBuildPhase section */
		BF52DAB122089E74009C0BF5 /* Frameworks */ = {
			isa = PBXFrameworksBuildPhase;
			buildActionMask = 2147483647;
			files = (
				BF52DAE62208E03E009C0BF5 /* AWAREFramework.framework in Frameworks */,
				A32D3A7382D5EBEBA43ECCF0 /* Pods_EmotionSensing.framework in Frameworks */,
			);
			runOnlyForDeploymentPostprocessing = 0;
		};
		BF52DAC522089E77009C0BF5 /* Frameworks */ = {
			isa = PBXFrameworksBuildPhase;
			buildActionMask = 2147483647;
			files = (
				7DAFC269E8B1EC42884C71B7 /* Pods_EmotionSensingTests.framework in Frameworks */,
			);
			runOnlyForDeploymentPostprocessing = 0;
		};
		BF52DAD022089E77009C0BF5 /* Frameworks */ = {
			isa = PBXFrameworksBuildPhase;
			buildActionMask = 2147483647;
			files = (
				84518E5AB6F5087331A77AEB /* Pods_EmotionSensingUITests.framework in Frameworks */,
			);
			runOnlyForDeploymentPostprocessing = 0;
		};
/* End PBXFrameworksBuildPhase section */

/* Begin PBXGroup section */
		A97A3FF163BCD27501E83E7B /* Frameworks */ = {
			isa = PBXGroup;
			children = (
				BF52DAE52208E03E009C0BF5 /* AWAREFramework.framework */,
				3D51EE988AC1B285F5641A07 /* Pods_EmotionSensing.framework */,
				8E1ADD164B6813C31022CA1F /* Pods_EmotionSensingTests.framework */,
				D01143A6511D53728D8C3A75 /* Pods_EmotionSensingUITests.framework */,
			);
			name = Frameworks;
			sourceTree = "<group>";
		};
		BF52DAAB22089E74009C0BF5 = {
			isa = PBXGroup;
			children = (
				BF52DAB622089E74009C0BF5 /* EmotionSensing */,
				BF52DACB22089E77009C0BF5 /* EmotionSensingTests */,
				BF52DAD622089E77009C0BF5 /* EmotionSensingUITests */,
				BF52DAB522089E74009C0BF5 /* Products */,
				E16CA7222C2C50FE63C83229 /* Pods */,
				A97A3FF163BCD27501E83E7B /* Frameworks */,
			);
			sourceTree = "<group>";
		};
		BF52DAB522089E74009C0BF5 /* Products */ = {
			isa = PBXGroup;
			children = (
				BF52DAB422089E74009C0BF5 /* EmotionSensing.app */,
				BF52DAC822089E77009C0BF5 /* EmotionSensingTests.xctest */,
				BF52DAD322089E77009C0BF5 /* EmotionSensingUITests.xctest */,
			);
			name = Products;
			sourceTree = "<group>";
		};
		BF52DAB622089E74009C0BF5 /* EmotionSensing */ = {
			isa = PBXGroup;
			children = (
				BFCAAFC62257E27F0086A6A1 /* HRV.storyboard */,
				BF52DAB722089E74009C0BF5 /* AppDelegate.swift */,
				BF52DAB922089E74009C0BF5 /* ViewController.swift */,
				BF52DABB22089E74009C0BF5 /* Main.storyboard */,
				BF52DABE22089E77009C0BF5 /* Assets.xcassets */,
				BF52DAC022089E77009C0BF5 /* LaunchScreen.storyboard */,
				BF52DAC322089E77009C0BF5 /* Info.plist */,
				BF519D9822286B2C0078E589 /* ScoscheHRV.swift */,
				BFB01467224D4CED00D68077 /* EntityScoscheHRV+CoreDataClass.swift */,
				BFB01468224D4CED00D68077 /* EntityScoscheHRV+CoreDataProperties.swift */,
			);
			path = EmotionSensing;
			sourceTree = "<group>";
		};
		BF52DACB22089E77009C0BF5 /* EmotionSensingTests */ = {
			isa = PBXGroup;
			children = (
				BF52DACC22089E77009C0BF5 /* EmotionSensingTests.swift */,
				BF52DACE22089E77009C0BF5 /* Info.plist */,
			);
			path = EmotionSensingTests;
			sourceTree = "<group>";
		};
		BF52DAD622089E77009C0BF5 /* EmotionSensingUITests */ = {
			isa = PBXGroup;
			children = (
				BF52DAD722089E77009C0BF5 /* EmotionSensingUITests.swift */,
				BF52DAD922089E77009C0BF5 /* Info.plist */,
			);
			path = EmotionSensingUITests;
			sourceTree = "<group>";
		};
		E16CA7222C2C50FE63C83229 /* Pods */ = {
			isa = PBXGroup;
			children = (
				7F5B5586221A9061B38E52E6 /* Pods-EmotionSensing.debug.xcconfig */,
				4AE2CEE14FECA45B836C5446 /* Pods-EmotionSensing.release.xcconfig */,
				31DE310319AABB3D4C2A3604 /* Pods-EmotionSensingTests.debug.xcconfig */,
				6A18EF53F8C81782FA366F91 /* Pods-EmotionSensingTests.release.xcconfig */,
				17CE54A8207237AD1FED7B85 /* Pods-EmotionSensingUITests.debug.xcconfig */,
				C61E452B15F3A5ACE5D0F388 /* Pods-EmotionSensingUITests.release.xcconfig */,
			);
			name = Pods;
			sourceTree = "<group>";
		};
/* End PBXGroup section */

/* Begin PBXNativeTarget section */
		BF52DAB322089E74009C0BF5 /* EmotionSensing */ = {
			isa = PBXNativeTarget;
			buildConfigurationList = BF52DADC22089E77009C0BF5 /* Build configuration list for PBXNativeTarget "EmotionSensing" */;
			buildPhases = (
				3FB253BD873829E677B396EB /* [CP] Check Pods Manifest.lock */,
				BF52DAB022089E74009C0BF5 /* Sources */,
				BF52DAB122089E74009C0BF5 /* Frameworks */,
				BF52DAB222089E74009C0BF5 /* Resources */,
				6097E3A2FC8CFF113A4B0138 /* [CP] Embed Pods Frameworks */,
				26752E260BAA7BC3F8E1F989 /* [CP] Copy Pods Resources */,
			);
			buildRules = (
			);
			dependencies = (
			);
			name = EmotionSensing;
			productName = EmotionSensing;
			productReference = BF52DAB422089E74009C0BF5 /* EmotionSensing.app */;
			productType = "com.apple.product-type.application";
		};
		BF52DAC722089E77009C0BF5 /* EmotionSensingTests */ = {
			isa = PBXNativeTarget;
			buildConfigurationList = BF52DADF22089E77009C0BF5 /* Build configuration list for PBXNativeTarget "EmotionSensingTests" */;
			buildPhases = (
				95812CE6E80E9F6D8A446D8C /* [CP] Check Pods Manifest.lock */,
				BF52DAC422089E77009C0BF5 /* Sources */,
				BF52DAC522089E77009C0BF5 /* Frameworks */,
				BF52DAC622089E77009C0BF5 /* Resources */,
			);
			buildRules = (
			);
			dependencies = (
				BF52DACA22089E77009C0BF5 /* PBXTargetDependency */,
			);
			name = EmotionSensingTests;
			productName = EmotionSensingTests;
			productReference = BF52DAC822089E77009C0BF5 /* EmotionSensingTests.xctest */;
			productType = "com.apple.product-type.bundle.unit-test";
		};
		BF52DAD222089E77009C0BF5 /* EmotionSensingUITests */ = {
			isa = PBXNativeTarget;
			buildConfigurationList = BF52DAE222089E77009C0BF5 /* Build configuration list for PBXNativeTarget "EmotionSensingUITests" */;
			buildPhases = (
				4A37E156D5E646AA31DBC14A /* [CP] Check Pods Manifest.lock */,
				BF52DACF22089E77009C0BF5 /* Sources */,
				BF52DAD022089E77009C0BF5 /* Frameworks */,
				BF52DAD122089E77009C0BF5 /* Resources */,
			);
			buildRules = (
			);
			dependencies = (
				BF52DAD522089E77009C0BF5 /* PBXTargetDependency */,
			);
			name = EmotionSensingUITests;
			productName = EmotionSensingUITests;
			productReference = BF52DAD322089E77009C0BF5 /* EmotionSensingUITests.xctest */;
			productType = "com.apple.product-type.bundle.ui-testing";
		};
/* End PBXNativeTarget section */

/* Begin PBXProject section */
		BF52DAAC22089E74009C0BF5 /* Project object */ = {
			isa = PBXProject;
			attributes = {
				LastSwiftUpdateCheck = 1010;
				LastUpgradeCheck = 1010;
				ORGANIZATIONNAME = Vincent;
				TargetAttributes = {
					BF52DAB322089E74009C0BF5 = {
						CreatedOnToolsVersion = 10.1;
						LastSwiftMigration = 1010;
						SystemCapabilities = {
							com.apple.BackgroundModes = {
								enabled = 1;
							};
						};
					};
					BF52DAC722089E77009C0BF5 = {
						CreatedOnToolsVersion = 10.1;
						TestTargetID = BF52DAB322089E74009C0BF5;
					};
					BF52DAD222089E77009C0BF5 = {
						CreatedOnToolsVersion = 10.1;
						TestTargetID = BF52DAB322089E74009C0BF5;
					};
				};
			};
			buildConfigurationList = BF52DAAF22089E74009C0BF5 /* Build configuration list for PBXProject "EmotionSensing" */;
			compatibilityVersion = "Xcode 9.3";
			developmentRegion = en;
			hasScannedForEncodings = 0;
			knownRegions = (
				en,
				Base,
			);
			mainGroup = BF52DAAB22089E74009C0BF5;
			productRefGroup = BF52DAB522089E74009C0BF5 /* Products */;
			projectDirPath = "";
			projectRoot = "";
			targets = (
				BF52DAB322089E74009C0BF5 /* EmotionSensing */,
				BF52DAC722089E77009C0BF5 /* EmotionSensingTests */,
				BF52DAD222089E77009C0BF5 /* EmotionSensingUITests */,
			);
		};
/* End PBXProject section */

/* Begin PBXResourcesBuildPhase section */
		BF52DAB222089E74009C0BF5 /* Resources */ = {
			isa = PBXResourcesBuildPhase;
			buildActionMask = 2147483647;
			files = (
				BF52DAC222089E77009C0BF5 /* LaunchScreen.storyboard in Resources */,
				BF52DABF22089E77009C0BF5 /* Assets.xcassets in Resources */,
				BF52DABD22089E74009C0BF5 /* Main.storyboard in Resources */,
			);
			runOnlyForDeploymentPostprocessing = 0;
		};
		BF52DAC622089E77009C0BF5 /* Resources */ = {
			isa = PBXResourcesBuildPhase;
			buildActionMask = 2147483647;
			files = (
			);
			runOnlyForDeploymentPostprocessing = 0;
		};
		BF52DAD122089E77009C0BF5 /* Resources */ = {
			isa = PBXResourcesBuildPhase;
			buildActionMask = 2147483647;
			files = (
			);
			runOnlyForDeploymentPostprocessing = 0;
		};
/* End PBXResourcesBuildPhase section */

/* Begin PBXShellScriptBuildPhase section */
		26752E260BAA7BC3F8E1F989 /* [CP] Copy Pods Resources */ = {
			isa = PBXShellScriptBuildPhase;
			buildActionMask = 2147483647;
			files = (
			);
			inputFileListPaths = (
			);
			inputPaths = (
				"${SRCROOT}/Pods/Target Support Files/Pods-EmotionSensing/Pods-EmotionSensing-resources.sh",
				"${PODS_ROOT}/AWAREFramework/AWAREFramework/Assets/AWARE.xcdatamodeld",
				"${PODS_CONFIGURATION_BUILD_DIR}/AWAREFramework/AWAREFramework.bundle",
				"${PODS_ROOT}/GoogleSignIn/Resources/GoogleSignIn.bundle",
			);
			name = "[CP] Copy Pods Resources";
			outputFileListPaths = (
			);
			outputPaths = (
				"${TARGET_BUILD_DIR}/${UNLOCALIZED_RESOURCES_FOLDER_PATH}/AWARE.momd",
				"${TARGET_BUILD_DIR}/${UNLOCALIZED_RESOURCES_FOLDER_PATH}/AWAREFramework.bundle",
				"${TARGET_BUILD_DIR}/${UNLOCALIZED_RESOURCES_FOLDER_PATH}/GoogleSignIn.bundle",
			);
			runOnlyForDeploymentPostprocessing = 0;
			shellPath = /bin/sh;
			shellScript = "\"${SRCROOT}/Pods/Target Support Files/Pods-EmotionSensing/Pods-EmotionSensing-resources.sh\"\n";
			showEnvVarsInLog = 0;
		};
		3FB253BD873829E677B396EB /* [CP] Check Pods Manifest.lock */ = {
			isa = PBXShellScriptBuildPhase;
			buildActionMask = 2147483647;
			files = (
			);
			inputFileListPaths = (
			);
			inputPaths = (
				"${PODS_PODFILE_DIR_PATH}/Podfile.lock",
				"${PODS_ROOT}/Manifest.lock",
			);
			name = "[CP] Check Pods Manifest.lock";
			outputFileListPaths = (
			);
			outputPaths = (
				"$(DERIVED_FILE_DIR)/Pods-EmotionSensing-checkManifestLockResult.txt",
			);
			runOnlyForDeploymentPostprocessing = 0;
			shellPath = /bin/sh;
			shellScript = "diff \"${PODS_PODFILE_DIR_PATH}/Podfile.lock\" \"${PODS_ROOT}/Manifest.lock\" > /dev/null\nif [ $? != 0 ] ; then\n    # print error to STDERR\n    echo \"error: The sandbox is not in sync with the Podfile.lock. Run 'pod install' or update your CocoaPods installation.\" >&2\n    exit 1\nfi\n# This output is used by Xcode 'outputs' to avoid re-running this script phase.\necho \"SUCCESS\" > \"${SCRIPT_OUTPUT_FILE_0}\"\n";
			showEnvVarsInLog = 0;
		};
		4A37E156D5E646AA31DBC14A /* [CP] Check Pods Manifest.lock */ = {
			isa = PBXShellScriptBuildPhase;
			buildActionMask = 2147483647;
			files = (
			);
			inputFileListPaths = (
			);
			inputPaths = (
				"${PODS_PODFILE_DIR_PATH}/Podfile.lock",
				"${PODS_ROOT}/Manifest.lock",
			);
			name = "[CP] Check Pods Manifest.lock";
			outputFileListPaths = (
			);
			outputPaths = (
				"$(DERIVED_FILE_DIR)/Pods-EmotionSensingUITests-checkManifestLockResult.txt",
			);
			runOnlyForDeploymentPostprocessing = 0;
			shellPath = /bin/sh;
			shellScript = "diff \"${PODS_PODFILE_DIR_PATH}/Podfile.lock\" \"${PODS_ROOT}/Manifest.lock\" > /dev/null\nif [ $? != 0 ] ; then\n    # print error to STDERR\n    echo \"error: The sandbox is not in sync with the Podfile.lock. Run 'pod install' or update your CocoaPods installation.\" >&2\n    exit 1\nfi\n# This output is used by Xcode 'outputs' to avoid re-running this script phase.\necho \"SUCCESS\" > \"${SCRIPT_OUTPUT_FILE_0}\"\n";
			showEnvVarsInLog = 0;
		};
		6097E3A2FC8CFF113A4B0138 /* [CP] Embed Pods Frameworks */ = {
			isa = PBXShellScriptBuildPhase;
			buildActionMask = 2147483647;
			files = (
			);
			inputFileListPaths = (
			);
			inputPaths = (
				"${SRCROOT}/Pods/Target Support Files/Pods-EmotionSensing/Pods-EmotionSensing-frameworks.sh",
				"${PODS_ROOT}/AWAREFramework/AWAREFramework/Frameworks/StudentLifeAudio.framework",
				"${BUILT_PRODUCTS_DIR}/CocoaAsyncSocket/CocoaAsyncSocket.framework",
				"${BUILT_PRODUCTS_DIR}/GTMSessionFetcher/GTMSessionFetcher.framework",
				"${BUILT_PRODUCTS_DIR}/GoogleToolboxForMac/GoogleToolboxForMac.framework",
				"${BUILT_PRODUCTS_DIR}/SCNetworkReachability/SCNetworkReachability.framework",
				"${BUILT_PRODUCTS_DIR}/TPCircularBuffer/TPCircularBuffer.framework",
				"${BUILT_PRODUCTS_DIR}/ios-ntp/ios_ntp.framework",
			);
			name = "[CP] Embed Pods Frameworks";
			outputFileListPaths = (
			);
			outputPaths = (
				"${TARGET_BUILD_DIR}/${FRAMEWORKS_FOLDER_PATH}/StudentLifeAudio.framework",
				"${TARGET_BUILD_DIR}/${FRAMEWORKS_FOLDER_PATH}/CocoaAsyncSocket.framework",
				"${TARGET_BUILD_DIR}/${FRAMEWORKS_FOLDER_PATH}/GTMSessionFetcher.framework",
				"${TARGET_BUILD_DIR}/${FRAMEWORKS_FOLDER_PATH}/GoogleToolboxForMac.framework",
				"${TARGET_BUILD_DIR}/${FRAMEWORKS_FOLDER_PATH}/SCNetworkReachability.framework",
				"${TARGET_BUILD_DIR}/${FRAMEWORKS_FOLDER_PATH}/TPCircularBuffer.framework",
				"${TARGET_BUILD_DIR}/${FRAMEWORKS_FOLDER_PATH}/ios_ntp.framework",
			);
			runOnlyForDeploymentPostprocessing = 0;
			shellPath = /bin/sh;
			shellScript = "\"${SRCROOT}/Pods/Target Support Files/Pods-EmotionSensing/Pods-EmotionSensing-frameworks.sh\"\n";
			showEnvVarsInLog = 0;
		};
		95812CE6E80E9F6D8A446D8C /* [CP] Check Pods Manifest.lock */ = {
			isa = PBXShellScriptBuildPhase;
			buildActionMask = 2147483647;
			files = (
			);
			inputFileListPaths = (
			);
			inputPaths = (
				"${PODS_PODFILE_DIR_PATH}/Podfile.lock",
				"${PODS_ROOT}/Manifest.lock",
			);
			name = "[CP] Check Pods Manifest.lock";
			outputFileListPaths = (
			);
			outputPaths = (
				"$(DERIVED_FILE_DIR)/Pods-EmotionSensingTests-checkManifestLockResult.txt",
			);
			runOnlyForDeploymentPostprocessing = 0;
			shellPath = /bin/sh;
			shellScript = "diff \"${PODS_PODFILE_DIR_PATH}/Podfile.lock\" \"${PODS_ROOT}/Manifest.lock\" > /dev/null\nif [ $? != 0 ] ; then\n    # print error to STDERR\n    echo \"error: The sandbox is not in sync with the Podfile.lock. Run 'pod install' or update your CocoaPods installation.\" >&2\n    exit 1\nfi\n# This output is used by Xcode 'outputs' to avoid re-running this script phase.\necho \"SUCCESS\" > \"${SCRIPT_OUTPUT_FILE_0}\"\n";
			showEnvVarsInLog = 0;
		};
/* End PBXShellScriptBuildPhase section */

/* Begin PBXSourcesBuildPhase section */
		BF52DAB022089E74009C0BF5 /* Sources */ = {
			isa = PBXSourcesBuildPhase;
			buildActionMask = 2147483647;
			files = (
				BFB01469224D4CED00D68077 /* EntityScoscheHRV+CoreDataClass.swift in Sources */,
				BFB0146A224D4CED00D68077 /* EntityScoscheHRV+CoreDataProperties.swift in Sources */,
				BF52DABA22089E74009C0BF5 /* ViewController.swift in Sources */,
				BF519D9922286B2C0078E589 /* ScoscheHRV.swift in Sources */,
				BF52DAB822089E74009C0BF5 /* AppDelegate.swift in Sources */,
			);
			runOnlyForDeploymentPostprocessing = 0;
		};
		BF52DAC422089E77009C0BF5 /* Sources */ = {
			isa = PBXSourcesBuildPhase;
			buildActionMask = 2147483647;
			files = (
				BF52DACD22089E77009C0BF5 /* EmotionSensingTests.swift in Sources */,
			);
			runOnlyForDeploymentPostprocessing = 0;
		};
		BF52DACF22089E77009C0BF5 /* Sources */ = {
			isa = PBXSourcesBuildPhase;
			buildActionMask = 2147483647;
			files = (
				BF52DAD822089E77009C0BF5 /* EmotionSensingUITests.swift in Sources */,
			);
			runOnlyForDeploymentPostprocessing = 0;
		};
/* End PBXSourcesBuildPhase section */

/* Begin PBXTargetDependency section */
		BF52DACA22089E77009C0BF5 /* PBXTargetDependency */ = {
			isa = PBXTargetDependency;
			target = BF52DAB322089E74009C0BF5 /* EmotionSensing */;
			targetProxy = BF52DAC922089E77009C0BF5 /* PBXContainerItemProxy */;
		};
		BF52DAD522089E77009C0BF5 /* PBXTargetDependency */ = {
			isa = PBXTargetDependency;
			target = BF52DAB322089E74009C0BF5 /* EmotionSensing */;
			targetProxy = BF52DAD422089E77009C0BF5 /* PBXContainerItemProxy */;
		};
/* End PBXTargetDependency section */

/* Begin PBXVariantGroup section */
		BF52DABB22089E74009C0BF5 /* Main.storyboard */ = {
			isa = PBXVariantGroup;
			children = (
				BF52DABC22089E74009C0BF5 /* Base */,
			);
			name = Main.storyboard;
			sourceTree = "<group>";
		};
		BF52DAC022089E77009C0BF5 /* LaunchScreen.storyboard */ = {
			isa = PBXVariantGroup;
			children = (
				BF52DAC122089E77009C0BF5 /* Base */,
			);
			name = LaunchScreen.storyboard;
			sourceTree = "<group>";
		};
/* End PBXVariantGroup section */

/* Begin XCBuildConfiguration section */
		BF52DADA22089E77009C0BF5 /* Debug */ = {
			isa = XCBuildConfiguration;
			buildSettings = {
				ALWAYS_SEARCH_USER_PATHS = NO;
				CLANG_ANALYZER_NONNULL = YES;
				CLANG_ANALYZER_NUMBER_OBJECT_CONVERSION = YES_AGGRESSIVE;
				CLANG_CXX_LANGUAGE_STANDARD = "gnu++14";
				CLANG_CXX_LIBRARY = "libc++";
				CLANG_ENABLE_MODULES = YES;
				CLANG_ENABLE_OBJC_ARC = YES;
				CLANG_ENABLE_OBJC_WEAK = YES;
				CLANG_WARN_BLOCK_CAPTURE_AUTORELEASING = YES;
				CLANG_WARN_BOOL_CONVERSION = YES;
				CLANG_WARN_COMMA = YES;
				CLANG_WARN_CONSTANT_CONVERSION = YES;
				CLANG_WARN_DEPRECATED_OBJC_IMPLEMENTATIONS = YES;
				CLANG_WARN_DIRECT_OBJC_ISA_USAGE = YES_ERROR;
				CLANG_WARN_DOCUMENTATION_COMMENTS = YES;
				CLANG_WARN_EMPTY_BODY = YES;
				CLANG_WARN_ENUM_CONVERSION = YES;
				CLANG_WARN_INFINITE_RECURSION = YES;
				CLANG_WARN_INT_CONVERSION = YES;
				CLANG_WARN_NON_LITERAL_NULL_CONVERSION = YES;
				CLANG_WARN_OBJC_IMPLICIT_RETAIN_SELF = YES;
				CLANG_WARN_OBJC_LITERAL_CONVERSION = YES;
				CLANG_WARN_OBJC_ROOT_CLASS = YES_ERROR;
				CLANG_WARN_RANGE_LOOP_ANALYSIS = YES;
				CLANG_WARN_STRICT_PROTOTYPES = YES;
				CLANG_WARN_SUSPICIOUS_MOVE = YES;
				CLANG_WARN_UNGUARDED_AVAILABILITY = YES_AGGRESSIVE;
				CLANG_WARN_UNREACHABLE_CODE = YES;
				CLANG_WARN__DUPLICATE_METHOD_MATCH = YES;
				CODE_SIGN_IDENTITY = "iPhone Developer";
				COPY_PHASE_STRIP = NO;
				DEBUG_INFORMATION_FORMAT = dwarf;
				ENABLE_STRICT_OBJC_MSGSEND = YES;
				ENABLE_TESTABILITY = YES;
				GCC_C_LANGUAGE_STANDARD = gnu11;
				GCC_DYNAMIC_NO_PIC = NO;
				GCC_NO_COMMON_BLOCKS = YES;
				GCC_OPTIMIZATION_LEVEL = 0;
				GCC_PREPROCESSOR_DEFINITIONS = (
					"DEBUG=1",
					"$(inherited)",
				);
				GCC_WARN_64_TO_32_BIT_CONVERSION = YES;
				GCC_WARN_ABOUT_RETURN_TYPE = YES_ERROR;
				GCC_WARN_UNDECLARED_SELECTOR = YES;
				GCC_WARN_UNINITIALIZED_AUTOS = YES_AGGRESSIVE;
				GCC_WARN_UNUSED_FUNCTION = YES;
				GCC_WARN_UNUSED_VARIABLE = YES;
				IPHONEOS_DEPLOYMENT_TARGET = 12.1;
				MTL_ENABLE_DEBUG_INFO = INCLUDE_SOURCE;
				MTL_FAST_MATH = YES;
				ONLY_ACTIVE_ARCH = YES;
				SDKROOT = iphoneos;
				SWIFT_ACTIVE_COMPILATION_CONDITIONS = DEBUG;
				SWIFT_OPTIMIZATION_LEVEL = "-Onone";
			};
			name = Debug;
		};
		BF52DADB22089E77009C0BF5 /* Release */ = {
			isa = XCBuildConfiguration;
			buildSettings = {
				ALWAYS_SEARCH_USER_PATHS = NO;
				CLANG_ANALYZER_NONNULL = YES;
				CLANG_ANALYZER_NUMBER_OBJECT_CONVERSION = YES_AGGRESSIVE;
				CLANG_CXX_LANGUAGE_STANDARD = "gnu++14";
				CLANG_CXX_LIBRARY = "libc++";
				CLANG_ENABLE_MODULES = YES;
				CLANG_ENABLE_OBJC_ARC = YES;
				CLANG_ENABLE_OBJC_WEAK = YES;
				CLANG_WARN_BLOCK_CAPTURE_AUTORELEASING = YES;
				CLANG_WARN_BOOL_CONVERSION = YES;
				CLANG_WARN_COMMA = YES;
				CLANG_WARN_CONSTANT_CONVERSION = YES;
				CLANG_WARN_DEPRECATED_OBJC_IMPLEMENTATIONS = YES;
				CLANG_WARN_DIRECT_OBJC_ISA_USAGE = YES_ERROR;
				CLANG_WARN_DOCUMENTATION_COMMENTS = YES;
				CLANG_WARN_EMPTY_BODY = YES;
				CLANG_WARN_ENUM_CONVERSION = YES;
				CLANG_WARN_INFINITE_RECURSION = YES;
				CLANG_WARN_INT_CONVERSION = YES;
				CLANG_WARN_NON_LITERAL_NULL_CONVERSION = YES;
				CLANG_WARN_OBJC_IMPLICIT_RETAIN_SELF = YES;
				CLANG_WARN_OBJC_LITERAL_CONVERSION = YES;
				CLANG_WARN_OBJC_ROOT_CLASS = YES_ERROR;
				CLANG_WARN_RANGE_LOOP_ANALYSIS = YES;
				CLANG_WARN_STRICT_PROTOTYPES = YES;
				CLANG_WARN_SUSPICIOUS_MOVE = YES;
				CLANG_WARN_UNGUARDED_AVAILABILITY = YES_AGGRESSIVE;
				CLANG_WARN_UNREACHABLE_CODE = YES;
				CLANG_WARN__DUPLICATE_METHOD_MATCH = YES;
				CODE_SIGN_IDENTITY = "iPhone Developer";
				COPY_PHASE_STRIP = NO;
				DEBUG_INFORMATION_FORMAT = "dwarf-with-dsym";
				ENABLE_NS_ASSERTIONS = NO;
				ENABLE_STRICT_OBJC_MSGSEND = YES;
				GCC_C_LANGUAGE_STANDARD = gnu11;
				GCC_NO_COMMON_BLOCKS = YES;
				GCC_WARN_64_TO_32_BIT_CONVERSION = YES;
				GCC_WARN_ABOUT_RETURN_TYPE = YES_ERROR;
				GCC_WARN_UNDECLARED_SELECTOR = YES;
				GCC_WARN_UNINITIALIZED_AUTOS = YES_AGGRESSIVE;
				GCC_WARN_UNUSED_FUNCTION = YES;
				GCC_WARN_UNUSED_VARIABLE = YES;
				IPHONEOS_DEPLOYMENT_TARGET = 12.1;
				MTL_ENABLE_DEBUG_INFO = NO;
				MTL_FAST_MATH = YES;
				SDKROOT = iphoneos;
				SWIFT_COMPILATION_MODE = wholemodule;
				SWIFT_OPTIMIZATION_LEVEL = "-O";
				VALIDATE_PRODUCT = YES;
			};
			name = Release;
		};
		BF52DADD22089E77009C0BF5 /* Debug */ = {
			isa = XCBuildConfiguration;
			baseConfigurationReference = 7F5B5586221A9061B38E52E6 /* Pods-EmotionSensing.debug.xcconfig */;
			buildSettings = {
				ALWAYS_EMBED_SWIFT_STANDARD_LIBRARIES = NO;
				ASSETCATALOG_COMPILER_APPICON_NAME = AppIcon;
				CLANG_ENABLE_MODULES = YES;
				CODE_SIGN_STYLE = Automatic;
				DEFINES_MODULE = NO;
				DEVELOPMENT_TEAM = 853VPLF7T7;
				INFOPLIST_FILE = EmotionSensing/Info.plist;
				IPHONEOS_DEPLOYMENT_TARGET = 10.0;
				LD_RUNPATH_SEARCH_PATHS = (
					"$(inherited)",
					"@executable_path/Frameworks",
				);
				PRODUCT_BUNDLE_IDENTIFIER = com.vincent.EmotionSensing;
				PRODUCT_NAME = "$(TARGET_NAME)";
				SWIFT_OBJC_BRIDGING_HEADER = "";
				SWIFT_OPTIMIZATION_LEVEL = "-Onone";
				SWIFT_VERSION = 4.2;
				TARGETED_DEVICE_FAMILY = "1,2";
			};
			name = Debug;
		};
		BF52DADE22089E77009C0BF5 /* Release */ = {
			isa = XCBuildConfiguration;
			baseConfigurationReference = 4AE2CEE14FECA45B836C5446 /* Pods-EmotionSensing.release.xcconfig */;
			buildSettings = {
				ALWAYS_EMBED_SWIFT_STANDARD_LIBRARIES = NO;
				ASSETCATALOG_COMPILER_APPICON_NAME = AppIcon;
				CLANG_ENABLE_MODULES = YES;
				CODE_SIGN_STYLE = Automatic;
				DEFINES_MODULE = NO;
				DEVELOPMENT_TEAM = 853VPLF7T7;
				INFOPLIST_FILE = EmotionSensing/Info.plist;
				IPHONEOS_DEPLOYMENT_TARGET = 10.0;
				LD_RUNPATH_SEARCH_PATHS = (
					"$(inherited)",
					"@executable_path/Frameworks",
				);
				PRODUCT_BUNDLE_IDENTIFIER = com.vincent.EmotionSensing;
				PRODUCT_NAME = "$(TARGET_NAME)";
				SWIFT_OBJC_BRIDGING_HEADER = "";
				SWIFT_VERSION = 4.2;
				TARGETED_DEVICE_FAMILY = "1,2";
			};
			name = Release;
		};
		BF52DAE022089E77009C0BF5 /* Debug */ = {
			isa = XCBuildConfiguration;
			baseConfigurationReference = 31DE310319AABB3D4C2A3604 /* Pods-EmotionSensingTests.debug.xcconfig */;
			buildSettings = {
				ALWAYS_EMBED_SWIFT_STANDARD_LIBRARIES = YES;
				BUNDLE_LOADER = "$(TEST_HOST)";
				CODE_SIGN_STYLE = Automatic;
				DEVELOPMENT_TEAM = B6V9YNR3RR;
				INFOPLIST_FILE = EmotionSensingTests/Info.plist;
				LD_RUNPATH_SEARCH_PATHS = (
					"$(inherited)",
					"@executable_path/Frameworks",
					"@loader_path/Frameworks",
				);
				PRODUCT_BUNDLE_IDENTIFIER = com.vincent.EmotionSensingTests;
				PRODUCT_NAME = "$(TARGET_NAME)";
				SWIFT_VERSION = 4.2;
				TARGETED_DEVICE_FAMILY = "1,2";
				TEST_HOST = "$(BUILT_PRODUCTS_DIR)/EmotionSensing.app/EmotionSensing";
			};
			name = Debug;
		};
		BF52DAE122089E77009C0BF5 /* Release */ = {
			isa = XCBuildConfiguration;
			baseConfigurationReference = 6A18EF53F8C81782FA366F91 /* Pods-EmotionSensingTests.release.xcconfig */;
			buildSettings = {
				ALWAYS_EMBED_SWIFT_STANDARD_LIBRARIES = YES;
				BUNDLE_LOADER = "$(TEST_HOST)";
				CODE_SIGN_STYLE = Automatic;
				DEVELOPMENT_TEAM = B6V9YNR3RR;
				INFOPLIST_FILE = EmotionSensingTests/Info.plist;
				LD_RUNPATH_SEARCH_PATHS = (
					"$(inherited)",
					"@executable_path/Frameworks",
					"@loader_path/Frameworks",
				);
				PRODUCT_BUNDLE_IDENTIFIER = com.vincent.EmotionSensingTests;
				PRODUCT_NAME = "$(TARGET_NAME)";
				SWIFT_VERSION = 4.2;
				TARGETED_DEVICE_FAMILY = "1,2";
				TEST_HOST = "$(BUILT_PRODUCTS_DIR)/EmotionSensing.app/EmotionSensing";
			};
			name = Release;
		};
		BF52DAE322089E77009C0BF5 /* Debug */ = {
			isa = XCBuildConfiguration;
			baseConfigurationReference = 17CE54A8207237AD1FED7B85 /* Pods-EmotionSensingUITests.debug.xcconfig */;
			buildSettings = {
				ALWAYS_EMBED_SWIFT_STANDARD_LIBRARIES = YES;
				CODE_SIGN_STYLE = Automatic;
				DEVELOPMENT_TEAM = B6V9YNR3RR;
				INFOPLIST_FILE = EmotionSensingUITests/Info.plist;
				LD_RUNPATH_SEARCH_PATHS = (
					"$(inherited)",
					"@executable_path/Frameworks",
					"@loader_path/Frameworks",
				);
				PRODUCT_BUNDLE_IDENTIFIER = com.vincent.EmotionSensingUITests;
				PRODUCT_NAME = "$(TARGET_NAME)";
				SWIFT_VERSION = 4.2;
				TARGETED_DEVICE_FAMILY = "1,2";
				TEST_TARGET_NAME = EmotionSensing;
			};
			name = Debug;
		};
		BF52DAE422089E77009C0BF5 /* Release */ = {
			isa = XCBuildConfiguration;
			baseConfigurationReference = C61E452B15F3A5ACE5D0F388 /* Pods-EmotionSensingUITests.release.xcconfig */;
			buildSettings = {
				ALWAYS_EMBED_SWIFT_STANDARD_LIBRARIES = YES;
				CODE_SIGN_STYLE = Automatic;
				DEVELOPMENT_TEAM = B6V9YNR3RR;
				INFOPLIST_FILE = EmotionSensingUITests/Info.plist;
				LD_RUNPATH_SEARCH_PATHS = (
					"$(inherited)",
					"@executable_path/Frameworks",
					"@loader_path/Frameworks",
				);
				PRODUCT_BUNDLE_IDENTIFIER = com.vincent.EmotionSensingUITests;
				PRODUCT_NAME = "$(TARGET_NAME)";
				SWIFT_VERSION = 4.2;
				TARGETED_DEVICE_FAMILY = "1,2";
				TEST_TARGET_NAME = EmotionSensing;
			};
			name = Release;
		};
/* End XCBuildConfiguration section */

/* Begin XCConfigurationList section */
		BF52DAAF22089E74009C0BF5 /* Build configuration list for PBXProject "EmotionSensing" */ = {
			isa = XCConfigurationList;
			buildConfigurations = (
				BF52DADA22089E77009C0BF5 /* Debug */,
				BF52DADB22089E77009C0BF5 /* Release */,
			);
			defaultConfigurationIsVisible = 0;
			defaultConfigurationName = Release;
		};
		BF52DADC22089E77009C0BF5 /* Build configuration list for PBXNativeTarget "EmotionSensing" */ = {
			isa = XCConfigurationList;
			buildConfigurations = (
				BF52DADD22089E77009C0BF5 /* Debug */,
				BF52DADE22089E77009C0BF5 /* Release */,
			);
			defaultConfigurationIsVisible = 0;
			defaultConfigurationName = Release;
		};
		BF52DADF22089E77009C0BF5 /* Build configuration list for PBXNativeTarget "EmotionSensingTests" */ = {
			isa = XCConfigurationList;
			buildConfigurations = (
				BF52DAE022089E77009C0BF5 /* Debug */,
				BF52DAE122089E77009C0BF5 /* Release */,
			);
			defaultConfigurationIsVisible = 0;
			defaultConfigurationName = Release;
		};
		BF52DAE222089E77009C0BF5 /* Build configuration list for PBXNativeTarget "EmotionSensingUITests" */ = {
			isa = XCConfigurationList;
			buildConfigurations = (
				BF52DAE322089E77009C0BF5 /* Debug */,
				BF52DAE422089E77009C0BF5 /* Release */,
			);
			defaultConfigurationIsVisible = 0;
			defaultConfigurationName = Release;
		};
/* End XCConfigurationList section */
	};
	rootObject = BF52DAAC22089E74009C0BF5 /* Project object */;
}
